Microsoft Visual Studio Solution File, Format Version 12.00
# Visual Studio Version 16
VisualStudioVersion = 16.0.29411.108
MinimumVisualStudioVersion = 10.0.40219.1
Project("{8BC9CEB8-8B4A-11D0-8D11-00A0C91BC942}") = "phl", "phl.vcxproj", "{E939E9DD-9FEB-49B9-8C99-D384F039AAF2}"
	ProjectSection(ProjectDependencies) = postProject
		{8639701C-F055-4E8E-84FF-AE35370E2773} = {8639701C-F055-4E8E-84FF-AE35370E2773}
		{CBF34E6B-F485-4F6A-829F-66709B55F722} = {CBF34E6B-F485-4F6A-829F-66709B55F722}
		{58D289DD-A75A-4181-9CD9-2AF2B3906B4D} = {58D289DD-A75A-4181-9CD9-2AF2B3906B4D}
		{2E991847-9D9B-40FD-ADF8-74B7A1138D14} = {2E991847-9D9B-40FD-ADF8-74B7A1138D14}
	EndProjectSection
EndProject
Project("{8BC9CEB8-8B4A-11D0-8D11-00A0C91BC942}") = "btc_8852a", "hal_g6\btc\btc_8852a\btc_8852a.vcxproj", "{DB6BC914-40BD-45D5-B6C3-C125069B325B}"
EndProject
Project("{8BC9CEB8-8B4A-11D0-8D11-00A0C91BC942}") = "btc_8852b", "hal_g6\btc\btc_8852b\btc_8852b.vcxproj", "{0665F073-CE20-46EA-9678-6C81D9E1D0B6}"
EndProject
Project("{8BC9CEB8-8B4A-11D0-8D11-00A0C91BC942}") = "btc", "hal_g6\btc\btc.vcxproj", "{54AB627E-C777-49B5-AF8F-223F15F8A399}"
	ProjectSection(ProjectDependencies) = postProject
		{DB6BC914-40BD-45D5-B6C3-C125069B325B} = {DB6BC914-40BD-45D5-B6C3-C125069B325B}
		{0665F073-CE20-46EA-9678-6C81D9E1D0B6} = {0665F073-CE20-46EA-9678-6C81D9E1D0B6}
	EndProjectSection
EndProject
Project("{8BC9CEB8-8B4A-11D0-8D11-00A0C91BC942}") = "efuse", "hal_g6\efuse\efuse.vcxproj", "{5549904E-3585-48D2-B687-F52278A5A68A}"
EndProject
Project("{8BC9CEB8-8B4A-11D0-8D11-00A0C91BC942}") = "fw_8852a", "hal_g6\mac\fw_ax\rtl8852a\fw_8852a.vcxproj", "{85420E19-F24D-41AB-B20D-5AAFBB6E39FD}"
EndProject
Project("{8BC9CEB8-8B4A-11D0-8D11-00A0C91BC942}") = "mac_8852a", "hal_g6\mac\mac_ax\mac_8852a\mac_8852a.vcxproj", "{8EE49038-EA62-45A6-A2B2-1DFBF789F6B5}"
	ProjectSection(ProjectDependencies) = postProject
		{85420E19-F24D-41AB-B20D-5AAFBB6E39FD} = {85420E19-F24D-41AB-B20D-5AAFBB6E39FD}
	EndProjectSection
EndProject
Project("{8BC9CEB8-8B4A-11D0-8D11-00A0C91BC942}") = "fw_8852b", "hal_g6\mac\fw_ax\rtl8852b\fw_8852b.vcxproj", "{B2765C99-AC58-4640-BE41-5708CB063F70}"
EndProject
Project("{8BC9CEB8-8B4A-11D0-8D11-00A0C91BC942}") = "mac_8852b", "hal_g6\mac\mac_ax\mac_8852b\mac_8852b.vcxproj", "{50557CF4-4127-46F8-A055-8BB0D3E80DF3}"
	ProjectSection(ProjectDependencies) = postProject
		{B2765C99-AC58-4640-BE41-5708CB063F70} = {B2765C99-AC58-4640-BE41-5708CB063F70}
	EndProjectSection
EndProject
Project("{8BC9CEB8-8B4A-11D0-8D11-00A0C91BC942}") = "fw_8852c", "hal_g6\mac\fw_ax\rtl8852c\fw_8852c.vcxproj", "{D626E87D-DE75-4193-BB33-A991FFB6730D}"
EndProject
Project("{8BC9CEB8-8B4A-11D0-8D11-00A0C91BC942}") = "mac_8852c", "hal_g6\mac\mac_ax\mac_8852c\mac_8852c.vcxproj", "{2061DE01-A5F8-C1B9-082B-170D0DE0D914}"
EndProject
Project("{8BC9CEB8-8B4A-11D0-8D11-00A0C91BC942}") = "mac", "hal_g6\mac\mac.vcxproj", "{F4646195-E617-4931-A959-DB4A241CDC98}"
	ProjectSection(ProjectDependencies) = postProject
		{85420E19-F24D-41AB-B20D-5AAFBB6E39FD} = {85420E19-F24D-41AB-B20D-5AAFBB6E39FD}
		{8EE49038-EA62-45A6-A2B2-1DFBF789F6B5} = {8EE49038-EA62-45A6-A2B2-1DFBF789F6B5}
		{B2765C99-AC58-4640-BE41-5708CB063F70} = {B2765C99-AC58-4640-BE41-5708CB063F70}
		{50557CF4-4127-46F8-A055-8BB0D3E80DF3} = {50557CF4-4127-46F8-A055-8BB0D3E80DF3}
		{D626E87D-DE75-4193-BB33-A991FFB6730D} = {D626E87D-DE75-4193-BB33-A991FFB6730D}
		{2061DE01-A5F8-C1B9-082B-170D0DE0D914} = {2061DE01-A5F8-C1B9-082B-170D0DE0D914}
	EndProjectSection
EndProject
Project("{8BC9CEB8-8B4A-11D0-8D11-00A0C91BC942}") = "halbb_8852a", "hal_g6\phy\bb\halbb_8852a\halbb_8852a.vcxproj", "{6DBBC485-A879-4BC1-86D4-0A09DAD50D1D}"
EndProject
Project("{8BC9CEB8-8B4A-11D0-8D11-00A0C91BC942}") = "halbb_8852a_2", "hal_g6\phy\bb\halbb_8852a_2\halbb_8852a_2.vcxproj", "{1376420E-E8CD-4150-A11B-4E22FB25FD4E}"
EndProject
Project("{8BC9CEB8-8B4A-11D0-8D11-00A0C91BC942}") = "halbb_8852b", "hal_g6\phy\bb\halbb_8852b\halbb_8852b.vcxproj", "{B8E29676-3803-4885-93D0-2B72147D18A1}"
EndProject
Project("{8BC9CEB8-8B4A-11D0-8D11-00A0C91BC942}") = "halbb_8852c", "hal_g6\phy\bb\halbb_8852c\halbb_8852c.vcxproj", "{8F71D8CD-DA64-443C-B7EF-7456EE54D941}"
EndProject
Project("{8BC9CEB8-8B4A-11D0-8D11-00A0C91BC942}") = "bb", "hal_g6\phy\bb\bb.vcxproj", "{FE5AB3C0-72F4-4B31-A6F6-43D3FCE700A6}"
	ProjectSection(ProjectDependencies) = postProject
		{6DBBC485-A879-4BC1-86D4-0A09DAD50D1D} = {6DBBC485-A879-4BC1-86D4-0A09DAD50D1D}
		{1376420E-E8CD-4150-A11B-4E22FB25FD4E} = {1376420E-E8CD-4150-A11B-4E22FB25FD4E}
		{B8E29676-3803-4885-93D0-2B72147D18A1} = {B8E29676-3803-4885-93D0-2B72147D18A1}
		{8F71D8CD-DA64-443C-B7EF-7456EE54D941} = {8F71D8CD-DA64-443C-B7EF-7456EE54D941}
	EndProjectSection
EndProject
Project("{8BC9CEB8-8B4A-11D0-8D11-00A0C91BC942}") = "halrf_8852a", "hal_g6\phy\rf\halrf_8852a\halrf_8852a.vcxproj", "{9A7D8BD6-FDA8-49EA-9BCC-E6A67850ADC6}"
EndProject
Project("{8BC9CEB8-8B4A-11D0-8D11-00A0C91BC942}") = "halrf_8852b", "hal_g6\phy\rf\halrf_8852b\halrf_8852b.vcxproj", "{0B062460-12BD-4862-B0DC-1BE6CB28ABD5}"
EndProject
Project("{8BC9CEB8-8B4A-11D0-8D11-00A0C91BC942}") = "halrf_8852c", "hal_g6\phy\rf\halrf_8852c\halrf_8852c.vcxproj", "{2874D2EA-1F79-4EE1-BFC6-A06D8CD8C513}"
EndProject
Project("{8BC9CEB8-8B4A-11D0-8D11-00A0C91BC942}") = "rf", "hal_g6\phy\rf\rf.vcxproj", "{58AB31AF-3525-422F-9EDD-74668AF97AFC}"
	ProjectSection(ProjectDependencies) = postProject
		{9A7D8BD6-FDA8-49EA-9BCC-E6A67850ADC6} = {9A7D8BD6-FDA8-49EA-9BCC-E6A67850ADC6}
		{0B062460-12BD-4862-B0DC-1BE6CB28ABD5} = {0B062460-12BD-4862-B0DC-1BE6CB28ABD5}
		{2874D2EA-1F79-4EE1-BFC6-A06D8CD8C513} = {2874D2EA-1F79-4EE1-BFC6-A06D8CD8C513}
	EndProjectSection
EndProject
Project("{8BC9CEB8-8B4A-11D0-8D11-00A0C91BC942}") = "rtl8852au", "hal_g6\rtl8852a\usb\rtl8852au.vcxproj", "{F68A0442-B273-4572-A4A5-C40A5E6E2903}"
EndProject
Project("{8BC9CEB8-8B4A-11D0-8D11-00A0C91BC942}") = "rtl8852a", "hal_g6\rtl8852a\rtl8852a.vcxproj", "{2EE9146B-FB7B-421E-B3AE-8ED8FDF45C7E}"
	ProjectSection(ProjectDependencies) = postProject
		{F68A0442-B273-4572-A4A5-C40A5E6E2903} = {F68A0442-B273-4572-A4A5-C40A5E6E2903}
	EndProjectSection
EndProject
Project("{8BC9CEB8-8B4A-11D0-8D11-00A0C91BC942}") = "rtl8852bu", "hal_g6\rtl8852b\usb\rtl8852bu.vcxproj", "{0BA032F7-08BD-4B8D-92B7-819470D491D2}"
EndProject
Project("{8BC9CEB8-8B4A-11D0-8D11-00A0C91BC942}") = "rtl8852b", "hal_g6\rtl8852b\rtl8852b.vcxproj", "{472B72D1-7366-4199-8EB2-B604E705DBF3}"
	ProjectSection(ProjectDependencies) = postProject
		{0BA032F7-08BD-4B8D-92B7-819470D491D2} = {0BA032F7-08BD-4B8D-92B7-819470D491D2}
	EndProjectSection
EndProject
Project("{8BC9CEB8-8B4A-11D0-8D11-00A0C91BC942}") = "rtl8852cu", "hal_g6\rtl8852c\usb\rtl8852cu.vcxproj", "{DAB7781B-8CD5-49A3-8C60-BF31463215D0}"
EndProject
Project("{8BC9CEB8-8B4A-11D0-8D11-00A0C91BC942}") = "rtl8852c", "hal_g6\rtl8852c\rtl8852c.vcxproj", "{FAB55A7E-98C4-4BAF-959B-62333A3DF6A6}"
	ProjectSection(ProjectDependencies) = postProject
		{DAB7781B-8CD5-49A3-8C60-BF31463215D0} = {DAB7781B-8CD5-49A3-8C60-BF31463215D0}
	EndProjectSection
EndProject
Project("{8BC9CEB8-8B4A-11D0-8D11-00A0C91BC942}") = "hal_test_mp", "hal_g6\test\mp\hal_test_mp.vcxproj", "{7C65A3B9-18B8-46ED-8829-637B4B56F2CD}"
EndProject
Project("{8BC9CEB8-8B4A-11D0-8D11-00A0C91BC942}") = "hal_test", "hal_g6\test\hal_test.vcxproj", "{423974D9-A2A0-4BC7-B2E7-07922A191D08}"
	ProjectSection(ProjectDependencies) = postProject
		{7C65A3B9-18B8-46ED-8829-637B4B56F2CD} = {7C65A3B9-18B8-46ED-8829-637B4B56F2CD}
	EndProjectSection
EndProject
Project("{8BC9CEB8-8B4A-11D0-8D11-00A0C91BC942}") = "hal_g6", "hal_g6\hal_g6.vcxproj", "{8639701C-F055-4E8E-84FF-AE35370E2773}"
	ProjectSection(ProjectDependencies) = postProject
		{5549904E-3585-48D2-B687-F52278A5A68A} = {5549904E-3585-48D2-B687-F52278A5A68A}
		{2EE9146B-FB7B-421E-B3AE-8ED8FDF45C7E} = {2EE9146B-FB7B-421E-B3AE-8ED8FDF45C7E}
		{54AB627E-C777-49B5-AF8F-223F15F8A399} = {54AB627E-C777-49B5-AF8F-223F15F8A399}
		{F4646195-E617-4931-A959-DB4A241CDC98} = {F4646195-E617-4931-A959-DB4A241CDC98}
		{58AB31AF-3525-422F-9EDD-74668AF97AFC} = {58AB31AF-3525-422F-9EDD-74668AF97AFC}
		{FE5AB3C0-72F4-4B31-A6F6-43D3FCE700A6} = {FE5AB3C0-72F4-4B31-A6F6-43D3FCE700A6}
		{472B72D1-7366-4199-8EB2-B604E705DBF3} = {472B72D1-7366-4199-8EB2-B604E705DBF3}
		{FAB55A7E-98C4-4BAF-959B-62333A3DF6A6} = {FAB55A7E-98C4-4BAF-959B-62333A3DF6A6}
		{423974D9-A2A0-4BC7-B2E7-07922A191D08} = {423974D9-A2A0-4BC7-B2E7-07922A191D08}
	EndProjectSection
EndProject
Project("{8BC9CEB8-8B4A-11D0-8D11-00A0C91BC942}") = "hci", "hci\hci.vcxproj", "{CBF34E6B-F485-4F6A-829F-66709B55F722}"
EndProject
Project("{8BC9CEB8-8B4A-11D0-8D11-00A0C91BC942}") = "phl_custom", "custom\phl_custom.vcxproj", "{2E991847-9D9B-40FD-ADF8-74B7A1138D14}"
EndProject
Project("{8BC9CEB8-8B4A-11D0-8D11-00A0C91BC942}") = "mp", "test\mp\mp.vcxproj", "{BACFB3E4-6D65-4333-966C-C1B349FA8491}"
EndProject
Project("{8BC9CEB8-8B4A-11D0-8D11-00A0C91BC942}") = "dbcc", "test\verify\dbcc\dbcc.vcxproj", "{CECCB007-511C-4631-B16D-2ACABA94FA20}"
EndProject
Project("{8BC9CEB8-8B4A-11D0-8D11-00A0C91BC942}") = "verify", "test\verify\verify.vcxproj", "{790AC2F8-30C2-46EA-AABE-8EAEE6F032A2}"
	ProjectSection(ProjectDependencies) = postProject
		{CECCB007-511C-4631-B16D-2ACABA94FA20} = {CECCB007-511C-4631-B16D-2ACABA94FA20}
	EndProjectSection
EndProject
Project("{8BC9CEB8-8B4A-11D0-8D11-00A0C91BC942}") = "test", "test\test.vcxproj", "{58D289DD-A75A-4181-9CD9-2AF2B3906B4D}"
	ProjectSection(ProjectDependencies) = postProject
		{BACFB3E4-6D65-4333-966C-C1B349FA8491} = {BACFB3E4-6D65-4333-966C-C1B349FA8491}
		{790AC2F8-30C2-46EA-AABE-8EAEE6F032A2} = {790AC2F8-30C2-46EA-AABE-8EAEE6F032A2}
	EndProjectSection
EndProject
Global
	GlobalSection(SolutionConfigurationPlatforms) = preSolution
		Win10 Debug|Win32 = Win10 Debug|Win32
		Win10 Debug|x64 = Win10 Debug|x64
		Win10 Release|Win32 = Win10 Release|Win32
		Win10 Release|x64 = Win10 Release|x64
		Win7 Debug|Win32 = Win7 Debug|Win32
		Win7 Debug|x64 = Win7 Debug|x64
		Win7 Release|Win32 = Win7 Release|Win32
		Win7 Release|x64 = Win7 Release|x64
	EndGlobalSection
	GlobalSection(ProjectConfigurationPlatforms) = postSolution
		{E939E9DD-9FEB-49B9-8C99-D384F039AAF2}.Win10 Debug|Win32.ActiveCfg = Win10 Debug|Win32
		{E939E9DD-9FEB-49B9-8C99-D384F039AAF2}.Win10 Debug|Win32.Build.0 = Win10 Debug|Win32
		{E939E9DD-9FEB-49B9-8C99-D384F039AAF2}.Win10 Debug|Win32.Deploy.0 = Win10 Debug|Win32
		{E939E9DD-9FEB-49B9-8C99-D384F039AAF2}.Win10 Debug|x64.ActiveCfg = Win10 Debug|x64
		{E939E9DD-9FEB-49B9-8C99-D384F039AAF2}.Win10 Debug|x64.Build.0 = Win10 Debug|x64
		{E939E9DD-9FEB-49B9-8C99-D384F039AAF2}.Win10 Debug|x64.Deploy.0 = Win10 Debug|x64
		{E939E9DD-9FEB-49B9-8C99-D384F039AAF2}.Win10 Release|Win32.ActiveCfg = Win10 Release|Win32
		{E939E9DD-9FEB-49B9-8C99-D384F039AAF2}.Win10 Release|Win32.Build.0 = Win10 Release|Win32
		{E939E9DD-9FEB-49B9-8C99-D384F039AAF2}.Win10 Release|Win32.Deploy.0 = Win10 Release|Win32
		{E939E9DD-9FEB-49B9-8C99-D384F039AAF2}.Win10 Release|x64.ActiveCfg = Win10 Release|x64
		{E939E9DD-9FEB-49B9-8C99-D384F039AAF2}.Win10 Release|x64.Build.0 = Win10 Release|x64
		{E939E9DD-9FEB-49B9-8C99-D384F039AAF2}.Win10 Release|x64.Deploy.0 = Win10 Release|x64
		{E939E9DD-9FEB-49B9-8C99-D384F039AAF2}.Win7 Debug|Win32.ActiveCfg = Win7 Debug|Win32
		{E939E9DD-9FEB-49B9-8C99-D384F039AAF2}.Win7 Debug|Win32.Build.0 = Win7 Debug|Win32
		{E939E9DD-9FEB-49B9-8C99-D384F039AAF2}.Win7 Debug|Win32.Deploy.0 = Win7 Debug|Win32
		{E939E9DD-9FEB-49B9-8C99-D384F039AAF2}.Win7 Debug|x64.ActiveCfg = Win7 Debug|x64
		{E939E9DD-9FEB-49B9-8C99-D384F039AAF2}.Win7 Debug|x64.Build.0 = Win7 Debug|x64
		{E939E9DD-9FEB-49B9-8C99-D384F039AAF2}.Win7 Debug|x64.Deploy.0 = Win7 Debug|x64
		{E939E9DD-9FEB-49B9-8C99-D384F039AAF2}.Win7 Release|Win32.ActiveCfg = Win7 Release|Win32
		{E939E9DD-9FEB-49B9-8C99-D384F039AAF2}.Win7 Release|Win32.Build.0 = Win7 Release|Win32
		{E939E9DD-9FEB-49B9-8C99-D384F039AAF2}.Win7 Release|Win32.Deploy.0 = Win7 Release|Win32
		{E939E9DD-9FEB-49B9-8C99-D384F039AAF2}.Win7 Release|x64.ActiveCfg = Win7 Release|x64
		{E939E9DD-9FEB-49B9-8C99-D384F039AAF2}.Win7 Release|x64.Build.0 = Win7 Release|x64
		{E939E9DD-9FEB-49B9-8C99-D384F039AAF2}.Win7 Release|x64.Deploy.0 = Win7 Release|x64
		{DB6BC914-40BD-45D5-B6C3-C125069B325B}.Win10 Debug|Win32.ActiveCfg = Win10 Debug|Win32
		{DB6BC914-40BD-45D5-B6C3-C125069B325B}.Win10 Debug|Win32.Build.0 = Win10 Debug|Win32
		{DB6BC914-40BD-45D5-B6C3-C125069B325B}.Win10 Debug|Win32.Deploy.0 = Win10 Debug|Win32
		{DB6BC914-40BD-45D5-B6C3-C125069B325B}.Win10 Debug|x64.ActiveCfg = Win10 Debug|x64
		{DB6BC914-40BD-45D5-B6C3-C125069B325B}.Win10 Debug|x64.Build.0 = Win10 Debug|x64
		{DB6BC914-40BD-45D5-B6C3-C125069B325B}.Win10 Debug|x64.Deploy.0 = Win10 Debug|x64
		{DB6BC914-40BD-45D5-B6C3-C125069B325B}.Win10 Release|Win32.ActiveCfg = Win10 Release|Win32
		{DB6BC914-40BD-45D5-B6C3-C125069B325B}.Win10 Release|Win32.Build.0 = Win10 Release|Win32
		{DB6BC914-40BD-45D5-B6C3-C125069B325B}.Win10 Release|Win32.Deploy.0 = Win10 Release|Win32
		{DB6BC914-40BD-45D5-B6C3-C125069B325B}.Win10 Release|x64.ActiveCfg = Win10 Release|x64
		{DB6BC914-40BD-45D5-B6C3-C125069B325B}.Win10 Release|x64.Build.0 = Win10 Release|x64
		{DB6BC914-40BD-45D5-B6C3-C125069B325B}.Win10 Release|x64.Deploy.0 = Win10 Release|x64
		{DB6BC914-40BD-45D5-B6C3-C125069B325B}.Win7 Debug|Win32.ActiveCfg = Win7 Debug|Win32
		{DB6BC914-40BD-45D5-B6C3-C125069B325B}.Win7 Debug|Win32.Build.0 = Win7 Debug|Win32
		{DB6BC914-40BD-45D5-B6C3-C125069B325B}.Win7 Debug|Win32.Deploy.0 = Win7 Debug|Win32
		{DB6BC914-40BD-45D5-B6C3-C125069B325B}.Win7 Debug|x64.ActiveCfg = Win7 Debug|x64
		{DB6BC914-40BD-45D5-B6C3-C125069B325B}.Win7 Debug|x64.Build.0 = Win7 Debug|x64
		{DB6BC914-40BD-45D5-B6C3-C125069B325B}.Win7 Debug|x64.Deploy.0 = Win7 Debug|x64
		{DB6BC914-40BD-45D5-B6C3-C125069B325B}.Win7 Release|Win32.ActiveCfg = Win7 Release|Win32
		{DB6BC914-40BD-45D5-B6C3-C125069B325B}.Win7 Release|Win32.Build.0 = Win7 Release|Win32
		{DB6BC914-40BD-45D5-B6C3-C125069B325B}.Win7 Release|Win32.Deploy.0 = Win7 Release|Win32
		{DB6BC914-40BD-45D5-B6C3-C125069B325B}.Win7 Release|x64.ActiveCfg = Win7 Release|x64
		{DB6BC914-40BD-45D5-B6C3-C125069B325B}.Win7 Release|x64.Build.0 = Win7 Release|x64
		{DB6BC914-40BD-45D5-B6C3-C125069B325B}.Win7 Release|x64.Deploy.0 = Win7 Release|x64
		{0665F073-CE20-46EA-9678-6C81D9E1D0B6}.Win10 Debug|Win32.ActiveCfg = Win10 Debug|Win32
		{0665F073-CE20-46EA-9678-6C81D9E1D0B6}.Win10 Debug|Win32.Build.0 = Win10 Debug|Win32
		{0665F073-CE20-46EA-9678-6C81D9E1D0B6}.Win10 Debug|Win32.Deploy.0 = Win10 Debug|Win32
		{0665F073-CE20-46EA-9678-6C81D9E1D0B6}.Win10 Debug|x64.ActiveCfg = Win10 Debug|x64
		{0665F073-CE20-46EA-9678-6C81D9E1D0B6}.Win10 Debug|x64.Build.0 = Win10 Debug|x64
		{0665F073-CE20-46EA-9678-6C81D9E1D0B6}.Win10 Debug|x64.Deploy.0 = Win10 Debug|x64
		{0665F073-CE20-46EA-9678-6C81D9E1D0B6}.Win10 Release|Win32.ActiveCfg = Win10 Release|Win32
		{0665F073-CE20-46EA-9678-6C81D9E1D0B6}.Win10 Release|Win32.Build.0 = Win10 Release|Win32
		{0665F073-CE20-46EA-9678-6C81D9E1D0B6}.Win10 Release|Win32.Deploy.0 = Win10 Release|Win32
		{0665F073-CE20-46EA-9678-6C81D9E1D0B6}.Win10 Release|x64.ActiveCfg = Win10 Release|x64
		{0665F073-CE20-46EA-9678-6C81D9E1D0B6}.Win10 Release|x64.Build.0 = Win10 Release|x64
		{0665F073-CE20-46EA-9678-6C81D9E1D0B6}.Win10 Release|x64.Deploy.0 = Win10 Release|x64
		{0665F073-CE20-46EA-9678-6C81D9E1D0B6}.Win7 Debug|Win32.ActiveCfg = Win7 Debug|Win32
		{0665F073-CE20-46EA-9678-6C81D9E1D0B6}.Win7 Debug|Win32.Build.0 = Win7 Debug|Win32
		{0665F073-CE20-46EA-9678-6C81D9E1D0B6}.Win7 Debug|Win32.Deploy.0 = Win7 Debug|Win32
		{0665F073-CE20-46EA-9678-6C81D9E1D0B6}.Win7 Debug|x64.ActiveCfg = Win7 Debug|x64
		{0665F073-CE20-46EA-9678-6C81D9E1D0B6}.Win7 Debug|x64.Build.0 = Win7 Debug|x64
		{0665F073-CE20-46EA-9678-6C81D9E1D0B6}.Win7 Debug|x64.Deploy.0 = Win7 Debug|x64
		{0665F073-CE20-46EA-9678-6C81D9E1D0B6}.Win7 Release|Win32.ActiveCfg = Win7 Release|Win32
		{0665F073-CE20-46EA-9678-6C81D9E1D0B6}.Win7 Release|Win32.Build.0 = Win7 Release|Win32
		{0665F073-CE20-46EA-9678-6C81D9E1D0B6}.Win7 Release|Win32.Deploy.0 = Win7 Release|Win32
		{0665F073-CE20-46EA-9678-6C81D9E1D0B6}.Win7 Release|x64.ActiveCfg = Win7 Release|x64
		{0665F073-CE20-46EA-9678-6C81D9E1D0B6}.Win7 Release|x64.Build.0 = Win7 Release|x64
		{0665F073-CE20-46EA-9678-6C81D9E1D0B6}.Win7 Release|x64.Deploy.0 = Win7 Release|x64
		{54AB627E-C777-49B5-AF8F-223F15F8A399}.Win10 Debug|Win32.ActiveCfg = Win10 Debug|Win32
		{54AB627E-C777-49B5-AF8F-223F15F8A399}.Win10 Debug|Win32.Build.0 = Win10 Debug|Win32
		{54AB627E-C777-49B5-AF8F-223F15F8A399}.Win10 Debug|Win32.Deploy.0 = Win10 Debug|Win32
		{54AB627E-C777-49B5-AF8F-223F15F8A399}.Win10 Debug|x64.ActiveCfg = Win10 Debug|x64
		{54AB627E-C777-49B5-AF8F-223F15F8A399}.Win10 Debug|x64.Build.0 = Win10 Debug|x64
		{54AB627E-C777-49B5-AF8F-223F15F8A399}.Win10 Debug|x64.Deploy.0 = Win10 Debug|x64
		{54AB627E-C777-49B5-AF8F-223F15F8A399}.Win10 Release|Win32.ActiveCfg = Win10 Release|Win32
		{54AB627E-C777-49B5-AF8F-223F15F8A399}.Win10 Release|Win32.Build.0 = Win10 Release|Win32
		{54AB627E-C777-49B5-AF8F-223F15F8A399}.Win10 Release|Win32.Deploy.0 = Win10 Release|Win32
		{54AB627E-C777-49B5-AF8F-223F15F8A399}.Win10 Release|x64.ActiveCfg = Win10 Release|x64
		{54AB627E-C777-49B5-AF8F-223F15F8A399}.Win10 Release|x64.Build.0 = Win10 Release|x64
		{54AB627E-C777-49B5-AF8F-223F15F8A399}.Win10 Release|x64.Deploy.0 = Win10 Release|x64
		{54AB627E-C777-49B5-AF8F-223F15F8A399}.Win7 Debug|Win32.ActiveCfg = Win7 Debug|Win32
		{54AB627E-C777-49B5-AF8F-223F15F8A399}.Win7 Debug|Win32.Build.0 = Win7 Debug|Win32
		{54AB627E-C777-49B5-AF8F-223F15F8A399}.Win7 Debug|Win32.Deploy.0 = Win7 Debug|Win32
		{54AB627E-C777-49B5-AF8F-223F15F8A399}.Win7 Debug|x64.ActiveCfg = Win7 Debug|x64
		{54AB627E-C777-49B5-AF8F-223F15F8A399}.Win7 Debug|x64.Build.0 = Win7 Debug|x64
		{54AB627E-C777-49B5-AF8F-223F15F8A399}.Win7 Debug|x64.Deploy.0 = Win7 Debug|x64
		{54AB627E-C777-49B5-AF8F-223F15F8A399}.Win7 Release|Win32.ActiveCfg = Win7 Release|Win32
		{54AB627E-C777-49B5-AF8F-223F15F8A399}.Win7 Release|Win32.Build.0 = Win7 Release|Win32
		{54AB627E-C777-49B5-AF8F-223F15F8A399}.Win7 Release|Win32.Deploy.0 = Win7 Release|Win32
		{54AB627E-C777-49B5-AF8F-223F15F8A399}.Win7 Release|x64.ActiveCfg = Win7 Release|x64
		{54AB627E-C777-49B5-AF8F-223F15F8A399}.Win7 Release|x64.Build.0 = Win7 Release|x64
		{54AB627E-C777-49B5-AF8F-223F15F8A399}.Win7 Release|x64.Deploy.0 = Win7 Release|x64
		{5549904E-3585-48D2-B687-F52278A5A68A}.Win10 Debug|Win32.ActiveCfg = Win10 Debug|Win32
		{5549904E-3585-48D2-B687-F52278A5A68A}.Win10 Debug|Win32.Build.0 = Win10 Debug|Win32
		{5549904E-3585-48D2-B687-F52278A5A68A}.Win10 Debug|Win32.Deploy.0 = Win10 Debug|Win32
		{5549904E-3585-48D2-B687-F52278A5A68A}.Win10 Debug|x64.ActiveCfg = Win10 Debug|x64
		{5549904E-3585-48D2-B687-F52278A5A68A}.Win10 Debug|x64.Build.0 = Win10 Debug|x64
		{5549904E-3585-48D2-B687-F52278A5A68A}.Win10 Debug|x64.Deploy.0 = Win10 Debug|x64
		{5549904E-3585-48D2-B687-F52278A5A68A}.Win10 Release|Win32.ActiveCfg = Win10 Release|Win32
		{5549904E-3585-48D2-B687-F52278A5A68A}.Win10 Release|Win32.Build.0 = Win10 Release|Win32
		{5549904E-3585-48D2-B687-F52278A5A68A}.Win10 Release|Win32.Deploy.0 = Win10 Release|Win32
		{5549904E-3585-48D2-B687-F52278A5A68A}.Win10 Release|x64.ActiveCfg = Win10 Release|x64
		{5549904E-3585-48D2-B687-F52278A5A68A}.Win10 Release|x64.Build.0 = Win10 Release|x64
		{5549904E-3585-48D2-B687-F52278A5A68A}.Win10 Release|x64.Deploy.0 = Win10 Release|x64
		{5549904E-3585-48D2-B687-F52278A5A68A}.Win7 Debug|Win32.ActiveCfg = Win7 Debug|Win32
		{5549904E-3585-48D2-B687-F52278A5A68A}.Win7 Debug|Win32.Build.0 = Win7 Debug|Win32
		{5549904E-3585-48D2-B687-F52278A5A68A}.Win7 Debug|Win32.Deploy.0 = Win7 Debug|Win32
		{5549904E-3585-48D2-B687-F52278A5A68A}.Win7 Debug|x64.ActiveCfg = Win7 Debug|x64
		{5549904E-3585-48D2-B687-F52278A5A68A}.Win7 Debug|x64.Build.0 = Win7 Debug|x64
		{5549904E-3585-48D2-B687-F52278A5A68A}.Win7 Debug|x64.Deploy.0 = Win7 Debug|x64
		{5549904E-3585-48D2-B687-F52278A5A68A}.Win7 Release|Win32.ActiveCfg = Win7 Release|Win32
		{5549904E-3585-48D2-B687-F52278A5A68A}.Win7 Release|Win32.Build.0 = Win7 Release|Win32
		{5549904E-3585-48D2-B687-F52278A5A68A}.Win7 Release|Win32.Deploy.0 = Win7 Release|Win32
		{5549904E-3585-48D2-B687-F52278A5A68A}.Win7 Release|x64.ActiveCfg = Win7 Release|x64
		{5549904E-3585-48D2-B687-F52278A5A68A}.Win7 Release|x64.Build.0 = Win7 Release|x64
		{5549904E-3585-48D2-B687-F52278A5A68A}.Win7 Release|x64.Deploy.0 = Win7 Release|x64
		{85420E19-F24D-41AB-B20D-5AAFBB6E39FD}.Win10 Debug|Win32.ActiveCfg = Win10 Debug|Win32
		{85420E19-F24D-41AB-B20D-5AAFBB6E39FD}.Win10 Debug|Win32.Build.0 = Win10 Debug|Win32
		{85420E19-F24D-41AB-B20D-5AAFBB6E39FD}.Win10 Debug|Win32.Deploy.0 = Win10 Debug|Win32
		{85420E19-F24D-41AB-B20D-5AAFBB6E39FD}.Win10 Debug|x64.ActiveCfg = Win10 Debug|x64
		{85420E19-F24D-41AB-B20D-5AAFBB6E39FD}.Win10 Debug|x64.Build.0 = Win10 Debug|x64
		{85420E19-F24D-41AB-B20D-5AAFBB6E39FD}.Win10 Debug|x64.Deploy.0 = Win10 Debug|x64
		{85420E19-F24D-41AB-B20D-5AAFBB6E39FD}.Win10 Release|Win32.ActiveCfg = Win10 Release|Win32
		{85420E19-F24D-41AB-B20D-5AAFBB6E39FD}.Win10 Release|Win32.Build.0 = Win10 Release|Win32
		{85420E19-F24D-41AB-B20D-5AAFBB6E39FD}.Win10 Release|Win32.Deploy.0 = Win10 Release|Win32
		{85420E19-F24D-41AB-B20D-5AAFBB6E39FD}.Win10 Release|x64.ActiveCfg = Win10 Release|x64
		{85420E19-F24D-41AB-B20D-5AAFBB6E39FD}.Win10 Release|x64.Build.0 = Win10 Release|x64
		{85420E19-F24D-41AB-B20D-5AAFBB6E39FD}.Win10 Release|x64.Deploy.0 = Win10 Release|x64
		{85420E19-F24D-41AB-B20D-5AAFBB6E39FD}.Win7 Debug|Win32.ActiveCfg = Win7 Debug|Win32
		{85420E19-F24D-41AB-B20D-5AAFBB6E39FD}.Win7 Debug|Win32.Build.0 = Win7 Debug|Win32
		{85420E19-F24D-41AB-B20D-5AAFBB6E39FD}.Win7 Debug|Win32.Deploy.0 = Win7 Debug|Win32
		{85420E19-F24D-41AB-B20D-5AAFBB6E39FD}.Win7 Debug|x64.ActiveCfg = Win7 Debug|x64
		{85420E19-F24D-41AB-B20D-5AAFBB6E39FD}.Win7 Debug|x64.Build.0 = Win7 Debug|x64
		{85420E19-F24D-41AB-B20D-5AAFBB6E39FD}.Win7 Debug|x64.Deploy.0 = Win7 Debug|x64
		{85420E19-F24D-41AB-B20D-5AAFBB6E39FD}.Win7 Release|Win32.ActiveCfg = Win7 Release|Win32
		{85420E19-F24D-41AB-B20D-5AAFBB6E39FD}.Win7 Release|Win32.Build.0 = Win7 Release|Win32
		{85420E19-F24D-41AB-B20D-5AAFBB6E39FD}.Win7 Release|Win32.Deploy.0 = Win7 Release|Win32
		{85420E19-F24D-41AB-B20D-5AAFBB6E39FD}.Win7 Release|x64.ActiveCfg = Win7 Release|x64
		{85420E19-F24D-41AB-B20D-5AAFBB6E39FD}.Win7 Release|x64.Build.0 = Win7 Release|x64
		{85420E19-F24D-41AB-B20D-5AAFBB6E39FD}.Win7 Release|x64.Deploy.0 = Win7 Release|x64
		{8EE49038-EA62-45A6-A2B2-1DFBF789F6B5}.Win10 Debug|Win32.ActiveCfg = Win10 Debug|Win32
		{8EE49038-EA62-45A6-A2B2-1DFBF789F6B5}.Win10 Debug|Win32.Build.0 = Win10 Debug|Win32
		{8EE49038-EA62-45A6-A2B2-1DFBF789F6B5}.Win10 Debug|Win32.Deploy.0 = Win10 Debug|Win32
		{8EE49038-EA62-45A6-A2B2-1DFBF789F6B5}.Win10 Debug|x64.ActiveCfg = Win10 Debug|x64
		{8EE49038-EA62-45A6-A2B2-1DFBF789F6B5}.Win10 Debug|x64.Build.0 = Win10 Debug|x64
		{8EE49038-EA62-45A6-A2B2-1DFBF789F6B5}.Win10 Debug|x64.Deploy.0 = Win10 Debug|x64
		{8EE49038-EA62-45A6-A2B2-1DFBF789F6B5}.Win10 Release|Win32.ActiveCfg = Win10 Release|Win32
		{8EE49038-EA62-45A6-A2B2-1DFBF789F6B5}.Win10 Release|Win32.Build.0 = Win10 Release|Win32
		{8EE49038-EA62-45A6-A2B2-1DFBF789F6B5}.Win10 Release|Win32.Deploy.0 = Win10 Release|Win32
		{8EE49038-EA62-45A6-A2B2-1DFBF789F6B5}.Win10 Release|x64.ActiveCfg = Win10 Release|x64
		{8EE49038-EA62-45A6-A2B2-1DFBF789F6B5}.Win10 Release|x64.Build.0 = Win10 Release|x64
		{8EE49038-EA62-45A6-A2B2-1DFBF789F6B5}.Win10 Release|x64.Deploy.0 = Win10 Release|x64
		{8EE49038-EA62-45A6-A2B2-1DFBF789F6B5}.Win7 Debug|Win32.ActiveCfg = Win7 Debug|Win32
		{8EE49038-EA62-45A6-A2B2-1DFBF789F6B5}.Win7 Debug|Win32.Build.0 = Win7 Debug|Win32
		{8EE49038-EA62-45A6-A2B2-1DFBF789F6B5}.Win7 Debug|Win32.Deploy.0 = Win7 Debug|Win32
		{8EE49038-EA62-45A6-A2B2-1DFBF789F6B5}.Win7 Debug|x64.ActiveCfg = Win7 Debug|x64
		{8EE49038-EA62-45A6-A2B2-1DFBF789F6B5}.Win7 Debug|x64.Build.0 = Win7 Debug|x64
		{8EE49038-EA62-45A6-A2B2-1DFBF789F6B5}.Win7 Debug|x64.Deploy.0 = Win7 Debug|x64
		{8EE49038-EA62-45A6-A2B2-1DFBF789F6B5}.Win7 Release|Win32.ActiveCfg = Win7 Release|Win32
		{8EE49038-EA62-45A6-A2B2-1DFBF789F6B5}.Win7 Release|Win32.Build.0 = Win7 Release|Win32
		{8EE49038-EA62-45A6-A2B2-1DFBF789F6B5}.Win7 Release|Win32.Deploy.0 = Win7 Release|Win32
		{8EE49038-EA62-45A6-A2B2-1DFBF789F6B5}.Win7 Release|x64.ActiveCfg = Win7 Release|x64
		{8EE49038-EA62-45A6-A2B2-1DFBF789F6B5}.Win7 Release|x64.Build.0 = Win7 Release|x64
		{8EE49038-EA62-45A6-A2B2-1DFBF789F6B5}.Win7 Release|x64.Deploy.0 = Win7 Release|x64
		{F4646195-E617-4931-A959-DB4A241CDC98}.Win10 Debug|Win32.ActiveCfg = Win10 Debug|Win32
		{F4646195-E617-4931-A959-DB4A241CDC98}.Win10 Debug|Win32.Build.0 = Win10 Debug|Win32
		{F4646195-E617-4931-A959-DB4A241CDC98}.Win10 Debug|Win32.Deploy.0 = Win10 Debug|Win32
		{F4646195-E617-4931-A959-DB4A241CDC98}.Win10 Debug|x64.ActiveCfg = Win10 Debug|x64
		{F4646195-E617-4931-A959-DB4A241CDC98}.Win10 Debug|x64.Build.0 = Win10 Debug|x64
		{F4646195-E617-4931-A959-DB4A241CDC98}.Win10 Debug|x64.Deploy.0 = Win10 Debug|x64
		{F4646195-E617-4931-A959-DB4A241CDC98}.Win10 Release|Win32.ActiveCfg = Win10 Release|Win32
		{F4646195-E617-4931-A959-DB4A241CDC98}.Win10 Release|Win32.Build.0 = Win10 Release|Win32
		{F4646195-E617-4931-A959-DB4A241CDC98}.Win10 Release|Win32.Deploy.0 = Win10 Release|Win32
		{F4646195-E617-4931-A959-DB4A241CDC98}.Win10 Release|x64.ActiveCfg = Win10 Release|x64
		{F4646195-E617-4931-A959-DB4A241CDC98}.Win10 Release|x64.Build.0 = Win10 Release|x64
		{F4646195-E617-4931-A959-DB4A241CDC98}.Win10 Release|x64.Deploy.0 = Win10 Release|x64
		{F4646195-E617-4931-A959-DB4A241CDC98}.Win7 Debug|Win32.ActiveCfg = Win7 Debug|Win32
		{F4646195-E617-4931-A959-DB4A241CDC98}.Win7 Debug|Win32.Build.0 = Win7 Debug|Win32
		{F4646195-E617-4931-A959-DB4A241CDC98}.Win7 Debug|Win32.Deploy.0 = Win7 Debug|Win32
		{F4646195-E617-4931-A959-DB4A241CDC98}.Win7 Debug|x64.ActiveCfg = Win7 Debug|x64
		{F4646195-E617-4931-A959-DB4A241CDC98}.Win7 Debug|x64.Build.0 = Win7 Debug|x64
		{F4646195-E617-4931-A959-DB4A241CDC98}.Win7 Debug|x64.Deploy.0 = Win7 Debug|x64
		{F4646195-E617-4931-A959-DB4A241CDC98}.Win7 Release|Win32.ActiveCfg = Win7 Release|Win32
		{F4646195-E617-4931-A959-DB4A241CDC98}.Win7 Release|Win32.Build.0 = Win7 Release|Win32
		{F4646195-E617-4931-A959-DB4A241CDC98}.Win7 Release|Win32.Deploy.0 = Win7 Release|Win32
		{F4646195-E617-4931-A959-DB4A241CDC98}.Win7 Release|x64.ActiveCfg = Win7 Release|x64
		{F4646195-E617-4931-A959-DB4A241CDC98}.Win7 Release|x64.Build.0 = Win7 Release|x64
		{F4646195-E617-4931-A959-DB4A241CDC98}.Win7 Release|x64.Deploy.0 = Win7 Release|x64
		{6DBBC485-A879-4BC1-86D4-0A09DAD50D1D}.Win10 Debug|Win32.ActiveCfg = Win10 Debug|Win32
		{6DBBC485-A879-4BC1-86D4-0A09DAD50D1D}.Win10 Debug|Win32.Build.0 = Win10 Debug|Win32
		{6DBBC485-A879-4BC1-86D4-0A09DAD50D1D}.Win10 Debug|Win32.Deploy.0 = Win10 Debug|Win32
		{6DBBC485-A879-4BC1-86D4-0A09DAD50D1D}.Win10 Debug|x64.ActiveCfg = Win10 Debug|x64
		{6DBBC485-A879-4BC1-86D4-0A09DAD50D1D}.Win10 Debug|x64.Build.0 = Win10 Debug|x64
		{6DBBC485-A879-4BC1-86D4-0A09DAD50D1D}.Win10 Debug|x64.Deploy.0 = Win10 Debug|x64
		{6DBBC485-A879-4BC1-86D4-0A09DAD50D1D}.Win10 Release|Win32.ActiveCfg = Win10 Release|Win32
		{6DBBC485-A879-4BC1-86D4-0A09DAD50D1D}.Win10 Release|Win32.Build.0 = Win10 Release|Win32
		{6DBBC485-A879-4BC1-86D4-0A09DAD50D1D}.Win10 Release|Win32.Deploy.0 = Win10 Release|Win32
		{6DBBC485-A879-4BC1-86D4-0A09DAD50D1D}.Win10 Release|x64.ActiveCfg = Win10 Release|x64
		{6DBBC485-A879-4BC1-86D4-0A09DAD50D1D}.Win10 Release|x64.Build.0 = Win10 Release|x64
		{6DBBC485-A879-4BC1-86D4-0A09DAD50D1D}.Win10 Release|x64.Deploy.0 = Win10 Release|x64
		{6DBBC485-A879-4BC1-86D4-0A09DAD50D1D}.Win7 Debug|Win32.ActiveCfg = Win7 Debug|Win32
		{6DBBC485-A879-4BC1-86D4-0A09DAD50D1D}.Win7 Debug|Win32.Build.0 = Win7 Debug|Win32
		{6DBBC485-A879-4BC1-86D4-0A09DAD50D1D}.Win7 Debug|Win32.Deploy.0 = Win7 Debug|Win32
		{6DBBC485-A879-4BC1-86D4-0A09DAD50D1D}.Win7 Debug|x64.ActiveCfg = Win7 Debug|x64
		{6DBBC485-A879-4BC1-86D4-0A09DAD50D1D}.Win7 Debug|x64.Build.0 = Win7 Debug|x64
		{6DBBC485-A879-4BC1-86D4-0A09DAD50D1D}.Win7 Debug|x64.Deploy.0 = Win7 Debug|x64
		{6DBBC485-A879-4BC1-86D4-0A09DAD50D1D}.Win7 Release|Win32.ActiveCfg = Win7 Release|Win32
		{6DBBC485-A879-4BC1-86D4-0A09DAD50D1D}.Win7 Release|Win32.Build.0 = Win7 Release|Win32
		{6DBBC485-A879-4BC1-86D4-0A09DAD50D1D}.Win7 Release|Win32.Deploy.0 = Win7 Release|Win32
		{6DBBC485-A879-4BC1-86D4-0A09DAD50D1D}.Win7 Release|x64.ActiveCfg = Win7 Release|x64
		{6DBBC485-A879-4BC1-86D4-0A09DAD50D1D}.Win7 Release|x64.Build.0 = Win7 Release|x64
		{6DBBC485-A879-4BC1-86D4-0A09DAD50D1D}.Win7 Release|x64.Deploy.0 = Win7 Release|x64
		{1376420E-E8CD-4150-A11B-4E22FB25FD4E}.Win10 Debug|Win32.ActiveCfg = Win10 Debug|Win32
		{1376420E-E8CD-4150-A11B-4E22FB25FD4E}.Win10 Debug|Win32.Build.0 = Win10 Debug|Win32
		{1376420E-E8CD-4150-A11B-4E22FB25FD4E}.Win10 Debug|Win32.Deploy.0 = Win10 Debug|Win32
		{1376420E-E8CD-4150-A11B-4E22FB25FD4E}.Win10 Debug|x64.ActiveCfg = Win10 Debug|x64
		{1376420E-E8CD-4150-A11B-4E22FB25FD4E}.Win10 Debug|x64.Build.0 = Win10 Debug|x64
		{1376420E-E8CD-4150-A11B-4E22FB25FD4E}.Win10 Debug|x64.Deploy.0 = Win10 Debug|x64
		{1376420E-E8CD-4150-A11B-4E22FB25FD4E}.Win10 Release|Win32.ActiveCfg = Win10 Release|Win32
		{1376420E-E8CD-4150-A11B-4E22FB25FD4E}.Win10 Release|Win32.Build.0 = Win10 Release|Win32
		{1376420E-E8CD-4150-A11B-4E22FB25FD4E}.Win10 Release|Win32.Deploy.0 = Win10 Release|Win32
		{1376420E-E8CD-4150-A11B-4E22FB25FD4E}.Win10 Release|x64.ActiveCfg = Win10 Release|x64
		{1376420E-E8CD-4150-A11B-4E22FB25FD4E}.Win10 Release|x64.Build.0 = Win10 Release|x64
		{1376420E-E8CD-4150-A11B-4E22FB25FD4E}.Win10 Release|x64.Deploy.0 = Win10 Release|x64
		{1376420E-E8CD-4150-A11B-4E22FB25FD4E}.Win7 Debug|Win32.ActiveCfg = Win7 Debug|Win32
		{1376420E-E8CD-4150-A11B-4E22FB25FD4E}.Win7 Debug|Win32.Build.0 = Win7 Debug|Win32
		{1376420E-E8CD-4150-A11B-4E22FB25FD4E}.Win7 Debug|Win32.Deploy.0 = Win7 Debug|Win32
		{1376420E-E8CD-4150-A11B-4E22FB25FD4E}.Win7 Debug|x64.ActiveCfg = Win7 Debug|x64
		{1376420E-E8CD-4150-A11B-4E22FB25FD4E}.Win7 Debug|x64.Build.0 = Win7 Debug|x64
		{1376420E-E8CD-4150-A11B-4E22FB25FD4E}.Win7 Debug|x64.Deploy.0 = Win7 Debug|x64
		{1376420E-E8CD-4150-A11B-4E22FB25FD4E}.Win7 Release|Win32.ActiveCfg = Win7 Release|Win32
		{1376420E-E8CD-4150-A11B-4E22FB25FD4E}.Win7 Release|Win32.Build.0 = Win7 Release|Win32
		{1376420E-E8CD-4150-A11B-4E22FB25FD4E}.Win7 Release|Win32.Deploy.0 = Win7 Release|Win32
		{1376420E-E8CD-4150-A11B-4E22FB25FD4E}.Win7 Release|x64.ActiveCfg = Win7 Release|x64
		{1376420E-E8CD-4150-A11B-4E22FB25FD4E}.Win7 Release|x64.Build.0 = Win7 Release|x64
		{1376420E-E8CD-4150-A11B-4E22FB25FD4E}.Win7 Release|x64.Deploy.0 = Win7 Release|x64
		{B8E29676-3803-4885-93D0-2B72147D18A1}.Win10 Debug|Win32.ActiveCfg = Win10 Debug|Win32
		{B8E29676-3803-4885-93D0-2B72147D18A1}.Win10 Debug|Win32.Build.0 = Win10 Debug|Win32
		{B8E29676-3803-4885-93D0-2B72147D18A1}.Win10 Debug|Win32.Deploy.0 = Win10 Debug|Win32
		{B8E29676-3803-4885-93D0-2B72147D18A1}.Win10 Debug|x64.ActiveCfg = Win10 Debug|x64
		{B8E29676-3803-4885-93D0-2B72147D18A1}.Win10 Debug|x64.Build.0 = Win10 Debug|x64
		{B8E29676-3803-4885-93D0-2B72147D18A1}.Win10 Debug|x64.Deploy.0 = Win10 Debug|x64
		{B8E29676-3803-4885-93D0-2B72147D18A1}.Win10 Release|Win32.ActiveCfg = Win10 Release|Win32
		{B8E29676-3803-4885-93D0-2B72147D18A1}.Win10 Release|Win32.Build.0 = Win10 Release|Win32
		{B8E29676-3803-4885-93D0-2B72147D18A1}.Win10 Release|Win32.Deploy.0 = Win10 Release|Win32
		{B8E29676-3803-4885-93D0-2B72147D18A1}.Win10 Release|x64.ActiveCfg = Win10 Release|x64
		{B8E29676-3803-4885-93D0-2B72147D18A1}.Win10 Release|x64.Build.0 = Win10 Release|x64
		{B8E29676-3803-4885-93D0-2B72147D18A1}.Win10 Release|x64.Deploy.0 = Win10 Release|x64
		{B8E29676-3803-4885-93D0-2B72147D18A1}.Win7 Debug|Win32.ActiveCfg = Win7 Debug|Win32
		{B8E29676-3803-4885-93D0-2B72147D18A1}.Win7 Debug|Win32.Build.0 = Win7 Debug|Win32
		{B8E29676-3803-4885-93D0-2B72147D18A1}.Win7 Debug|Win32.Deploy.0 = Win7 Debug|Win32
		{B8E29676-3803-4885-93D0-2B72147D18A1}.Win7 Debug|x64.ActiveCfg = Win7 Debug|x64
		{B8E29676-3803-4885-93D0-2B72147D18A1}.Win7 Debug|x64.Build.0 = Win7 Debug|x64
		{B8E29676-3803-4885-93D0-2B72147D18A1}.Win7 Debug|x64.Deploy.0 = Win7 Debug|x64
		{B8E29676-3803-4885-93D0-2B72147D18A1}.Win7 Release|Win32.ActiveCfg = Win7 Release|Win32
		{B8E29676-3803-4885-93D0-2B72147D18A1}.Win7 Release|Win32.Build.0 = Win7 Release|Win32
		{B8E29676-3803-4885-93D0-2B72147D18A1}.Win7 Release|Win32.Deploy.0 = Win7 Release|Win32
		{B8E29676-3803-4885-93D0-2B72147D18A1}.Win7 Release|x64.ActiveCfg = Win7 Release|x64
		{B8E29676-3803-4885-93D0-2B72147D18A1}.Win7 Release|x64.Build.0 = Win7 Release|x64
		{B8E29676-3803-4885-93D0-2B72147D18A1}.Win7 Release|x64.Deploy.0 = Win7 Release|x64
		{8F71D8CD-DA64-443C-B7EF-7456EE54D941}.Win10 Debug|Win32.ActiveCfg = Win10 Debug|Win32
		{8F71D8CD-DA64-443C-B7EF-7456EE54D941}.Win10 Debug|Win32.Build.0 = Win10 Debug|Win32
		{8F71D8CD-DA64-443C-B7EF-7456EE54D941}.Win10 Debug|Win32.Deploy.0 = Win10 Debug|Win32
		{8F71D8CD-DA64-443C-B7EF-7456EE54D941}.Win10 Debug|x64.ActiveCfg = Win10 Debug|x64
		{8F71D8CD-DA64-443C-B7EF-7456EE54D941}.Win10 Debug|x64.Build.0 = Win10 Debug|x64
		{8F71D8CD-DA64-443C-B7EF-7456EE54D941}.Win10 Debug|x64.Deploy.0 = Win10 Debug|x64
		{8F71D8CD-DA64-443C-B7EF-7456EE54D941}.Win10 Release|Win32.ActiveCfg = Win10 Release|Win32
		{8F71D8CD-DA64-443C-B7EF-7456EE54D941}.Win10 Release|Win32.Build.0 = Win10 Release|Win32
		{8F71D8CD-DA64-443C-B7EF-7456EE54D941}.Win10 Release|Win32.Deploy.0 = Win10 Release|Win32
		{8F71D8CD-DA64-443C-B7EF-7456EE54D941}.Win10 Release|x64.ActiveCfg = Win10 Release|x64
		{8F71D8CD-DA64-443C-B7EF-7456EE54D941}.Win10 Release|x64.Build.0 = Win10 Release|x64
		{8F71D8CD-DA64-443C-B7EF-7456EE54D941}.Win10 Release|x64.Deploy.0 = Win10 Release|x64
		{8F71D8CD-DA64-443C-B7EF-7456EE54D941}.Win7 Debug|Win32.ActiveCfg = Win7 Debug|Win32
		{8F71D8CD-DA64-443C-B7EF-7456EE54D941}.Win7 Debug|Win32.Build.0 = Win7 Debug|Win32
		{8F71D8CD-DA64-443C-B7EF-7456EE54D941}.Win7 Debug|Win32.Deploy.0 = Win7 Debug|Win32
		{8F71D8CD-DA64-443C-B7EF-7456EE54D941}.Win7 Debug|x64.ActiveCfg = Win7 Debug|x64
		{8F71D8CD-DA64-443C-B7EF-7456EE54D941}.Win7 Debug|x64.Build.0 = Win7 Debug|x64
		{8F71D8CD-DA64-443C-B7EF-7456EE54D941}.Win7 Debug|x64.Deploy.0 = Win7 Debug|x64
		{8F71D8CD-DA64-443C-B7EF-7456EE54D941}.Win7 Release|Win32.ActiveCfg = Win7 Release|Win32
		{8F71D8CD-DA64-443C-B7EF-7456EE54D941}.Win7 Release|Win32.Build.0 = Win7 Release|Win32
		{8F71D8CD-DA64-443C-B7EF-7456EE54D941}.Win7 Release|Win32.Deploy.0 = Win7 Release|Win32
		{8F71D8CD-DA64-443C-B7EF-7456EE54D941}.Win7 Release|x64.ActiveCfg = Win7 Release|x64
		{8F71D8CD-DA64-443C-B7EF-7456EE54D941}.Win7 Release|x64.Build.0 = Win7 Release|x64
		{8F71D8CD-DA64-443C-B7EF-7456EE54D941}.Win7 Release|x64.Deploy.0 = Win7 Release|x64
		{FE5AB3C0-72F4-4B31-A6F6-43D3FCE700A6}.Win10 Debug|Win32.ActiveCfg = Win10 Debug|Win32
		{FE5AB3C0-72F4-4B31-A6F6-43D3FCE700A6}.Win10 Debug|Win32.Build.0 = Win10 Debug|Win32
		{FE5AB3C0-72F4-4B31-A6F6-43D3FCE700A6}.Win10 Debug|Win32.Deploy.0 = Win10 Debug|Win32
		{FE5AB3C0-72F4-4B31-A6F6-43D3FCE700A6}.Win10 Debug|x64.ActiveCfg = Win10 Debug|x64
		{FE5AB3C0-72F4-4B31-A6F6-43D3FCE700A6}.Win10 Debug|x64.Build.0 = Win10 Debug|x64
		{FE5AB3C0-72F4-4B31-A6F6-43D3FCE700A6}.Win10 Debug|x64.Deploy.0 = Win10 Debug|x64
		{FE5AB3C0-72F4-4B31-A6F6-43D3FCE700A6}.Win10 Release|Win32.ActiveCfg = Win10 Release|Win32
		{FE5AB3C0-72F4-4B31-A6F6-43D3FCE700A6}.Win10 Release|Win32.Build.0 = Win10 Release|Win32
		{FE5AB3C0-72F4-4B31-A6F6-43D3FCE700A6}.Win10 Release|Win32.Deploy.0 = Win10 Release|Win32
		{FE5AB3C0-72F4-4B31-A6F6-43D3FCE700A6}.Win10 Release|x64.ActiveCfg = Win10 Release|x64
		{FE5AB3C0-72F4-4B31-A6F6-43D3FCE700A6}.Win10 Release|x64.Build.0 = Win10 Release|x64
		{FE5AB3C0-72F4-4B31-A6F6-43D3FCE700A6}.Win10 Release|x64.Deploy.0 = Win10 Release|x64
		{FE5AB3C0-72F4-4B31-A6F6-43D3FCE700A6}.Win7 Debug|Win32.ActiveCfg = Win7 Debug|Win32
		{FE5AB3C0-72F4-4B31-A6F6-43D3FCE700A6}.Win7 Debug|Win32.Build.0 = Win7 Debug|Win32
		{FE5AB3C0-72F4-4B31-A6F6-43D3FCE700A6}.Win7 Debug|Win32.Deploy.0 = Win7 Debug|Win32
		{FE5AB3C0-72F4-4B31-A6F6-43D3FCE700A6}.Win7 Debug|x64.ActiveCfg = Win7 Debug|x64
		{FE5AB3C0-72F4-4B31-A6F6-43D3FCE700A6}.Win7 Debug|x64.Build.0 = Win7 Debug|x64
		{FE5AB3C0-72F4-4B31-A6F6-43D3FCE700A6}.Win7 Debug|x64.Deploy.0 = Win7 Debug|x64
		{FE5AB3C0-72F4-4B31-A6F6-43D3FCE700A6}.Win7 Release|Win32.ActiveCfg = Win7 Release|Win32
		{FE5AB3C0-72F4-4B31-A6F6-43D3FCE700A6}.Win7 Release|Win32.Build.0 = Win7 Release|Win32
		{FE5AB3C0-72F4-4B31-A6F6-43D3FCE700A6}.Win7 Release|Win32.Deploy.0 = Win7 Release|Win32
		{FE5AB3C0-72F4-4B31-A6F6-43D3FCE700A6}.Win7 Release|x64.ActiveCfg = Win7 Release|x64
		{FE5AB3C0-72F4-4B31-A6F6-43D3FCE700A6}.Win7 Release|x64.Build.0 = Win7 Release|x64
		{FE5AB3C0-72F4-4B31-A6F6-43D3FCE700A6}.Win7 Release|x64.Deploy.0 = Win7 Release|x64
		{9A7D8BD6-FDA8-49EA-9BCC-E6A67850ADC6}.Win10 Debug|Win32.ActiveCfg = Win10 Debug|Win32
		{9A7D8BD6-FDA8-49EA-9BCC-E6A67850ADC6}.Win10 Debug|Win32.Build.0 = Win10 Debug|Win32
		{9A7D8BD6-FDA8-49EA-9BCC-E6A67850ADC6}.Win10 Debug|Win32.Deploy.0 = Win10 Debug|Win32
		{9A7D8BD6-FDA8-49EA-9BCC-E6A67850ADC6}.Win10 Debug|x64.ActiveCfg = Win10 Debug|x64
		{9A7D8BD6-FDA8-49EA-9BCC-E6A67850ADC6}.Win10 Debug|x64.Build.0 = Win10 Debug|x64
		{9A7D8BD6-FDA8-49EA-9BCC-E6A67850ADC6}.Win10 Debug|x64.Deploy.0 = Win10 Debug|x64
		{9A7D8BD6-FDA8-49EA-9BCC-E6A67850ADC6}.Win10 Release|Win32.ActiveCfg = Win10 Release|Win32
		{9A7D8BD6-FDA8-49EA-9BCC-E6A67850ADC6}.Win10 Release|Win32.Build.0 = Win10 Release|Win32
		{9A7D8BD6-FDA8-49EA-9BCC-E6A67850ADC6}.Win10 Release|Win32.Deploy.0 = Win10 Release|Win32
		{9A7D8BD6-FDA8-49EA-9BCC-E6A67850ADC6}.Win10 Release|x64.ActiveCfg = Win10 Release|x64
		{9A7D8BD6-FDA8-49EA-9BCC-E6A67850ADC6}.Win10 Release|x64.Build.0 = Win10 Release|x64
		{9A7D8BD6-FDA8-49EA-9BCC-E6A67850ADC6}.Win10 Release|x64.Deploy.0 = Win10 Release|x64
		{9A7D8BD6-FDA8-49EA-9BCC-E6A67850ADC6}.Win7 Debug|Win32.ActiveCfg = Win7 Debug|Win32
		{9A7D8BD6-FDA8-49EA-9BCC-E6A67850ADC6}.Win7 Debug|Win32.Build.0 = Win7 Debug|Win32
		{9A7D8BD6-FDA8-49EA-9BCC-E6A67850ADC6}.Win7 Debug|Win32.Deploy.0 = Win7 Debug|Win32
		{9A7D8BD6-FDA8-49EA-9BCC-E6A67850ADC6}.Win7 Debug|x64.ActiveCfg = Win7 Debug|x64
		{9A7D8BD6-FDA8-49EA-9BCC-E6A67850ADC6}.Win7 Debug|x64.Build.0 = Win7 Debug|x64
		{9A7D8BD6-FDA8-49EA-9BCC-E6A67850ADC6}.Win7 Debug|x64.Deploy.0 = Win7 Debug|x64
		{9A7D8BD6-FDA8-49EA-9BCC-E6A67850ADC6}.Win7 Release|Win32.ActiveCfg = Win7 Release|Win32
		{9A7D8BD6-FDA8-49EA-9BCC-E6A67850ADC6}.Win7 Release|Win32.Build.0 = Win7 Release|Win32
		{9A7D8BD6-FDA8-49EA-9BCC-E6A67850ADC6}.Win7 Release|Win32.Deploy.0 = Win7 Release|Win32
		{9A7D8BD6-FDA8-49EA-9BCC-E6A67850ADC6}.Win7 Release|x64.ActiveCfg = Win7 Release|x64
		{9A7D8BD6-FDA8-49EA-9BCC-E6A67850ADC6}.Win7 Release|x64.Build.0 = Win7 Release|x64
		{9A7D8BD6-FDA8-49EA-9BCC-E6A67850ADC6}.Win7 Release|x64.Deploy.0 = Win7 Release|x64
		{0B062460-12BD-4862-B0DC-1BE6CB28ABD5}.Win10 Debug|Win32.ActiveCfg = Win10 Debug|Win32
		{0B062460-12BD-4862-B0DC-1BE6CB28ABD5}.Win10 Debug|Win32.Build.0 = Win10 Debug|Win32
		{0B062460-12BD-4862-B0DC-1BE6CB28ABD5}.Win10 Debug|Win32.Deploy.0 = Win10 Debug|Win32
		{0B062460-12BD-4862-B0DC-1BE6CB28ABD5}.Win10 Debug|x64.ActiveCfg = Win10 Debug|x64
		{0B062460-12BD-4862-B0DC-1BE6CB28ABD5}.Win10 Debug|x64.Build.0 = Win10 Debug|x64
		{0B062460-12BD-4862-B0DC-1BE6CB28ABD5}.Win10 Debug|x64.Deploy.0 = Win10 Debug|x64
		{0B062460-12BD-4862-B0DC-1BE6CB28ABD5}.Win10 Release|Win32.ActiveCfg = Win10 Release|Win32
		{0B062460-12BD-4862-B0DC-1BE6CB28ABD5}.Win10 Release|Win32.Build.0 = Win10 Release|Win32
		{0B062460-12BD-4862-B0DC-1BE6CB28ABD5}.Win10 Release|Win32.Deploy.0 = Win10 Release|Win32
		{0B062460-12BD-4862-B0DC-1BE6CB28ABD5}.Win10 Release|x64.ActiveCfg = Win10 Release|x64
		{0B062460-12BD-4862-B0DC-1BE6CB28ABD5}.Win10 Release|x64.Build.0 = Win10 Release|x64
		{0B062460-12BD-4862-B0DC-1BE6CB28ABD5}.Win10 Release|x64.Deploy.0 = Win10 Release|x64
		{0B062460-12BD-4862-B0DC-1BE6CB28ABD5}.Win7 Debug|Win32.ActiveCfg = Win7 Debug|Win32
		{0B062460-12BD-4862-B0DC-1BE6CB28ABD5}.Win7 Debug|Win32.Build.0 = Win7 Debug|Win32
		{0B062460-12BD-4862-B0DC-1BE6CB28ABD5}.Win7 Debug|Win32.Deploy.0 = Win7 Debug|Win32
		{0B062460-12BD-4862-B0DC-1BE6CB28ABD5}.Win7 Debug|x64.ActiveCfg = Win7 Debug|x64
		{0B062460-12BD-4862-B0DC-1BE6CB28ABD5}.Win7 Debug|x64.Build.0 = Win7 Debug|x64
		{0B062460-12BD-4862-B0DC-1BE6CB28ABD5}.Win7 Debug|x64.Deploy.0 = Win7 Debug|x64
		{0B062460-12BD-4862-B0DC-1BE6CB28ABD5}.Win7 Release|Win32.ActiveCfg = Win7 Release|Win32
		{0B062460-12BD-4862-B0DC-1BE6CB28ABD5}.Win7 Release|Win32.Build.0 = Win7 Release|Win32
		{0B062460-12BD-4862-B0DC-1BE6CB28ABD5}.Win7 Release|Win32.Deploy.0 = Win7 Release|Win32
		{0B062460-12BD-4862-B0DC-1BE6CB28ABD5}.Win7 Release|x64.ActiveCfg = Win7 Release|x64
		{0B062460-12BD-4862-B0DC-1BE6CB28ABD5}.Win7 Release|x64.Build.0 = Win7 Release|x64
		{0B062460-12BD-4862-B0DC-1BE6CB28ABD5}.Win7 Release|x64.Deploy.0 = Win7 Release|x64
		{2874D2EA-1F79-4EE1-BFC6-A06D8CD8C513}.Win10 Debug|Win32.ActiveCfg = Win10 Debug|Win32
		{2874D2EA-1F79-4EE1-BFC6-A06D8CD8C513}.Win10 Debug|Win32.Build.0 = Win10 Debug|Win32
		{2874D2EA-1F79-4EE1-BFC6-A06D8CD8C513}.Win10 Debug|Win32.Deploy.0 = Win10 Debug|Win32
		{2874D2EA-1F79-4EE1-BFC6-A06D8CD8C513}.Win10 Debug|x64.ActiveCfg = Win10 Debug|x64
		{2874D2EA-1F79-4EE1-BFC6-A06D8CD8C513}.Win10 Debug|x64.Build.0 = Win10 Debug|x64
		{2874D2EA-1F79-4EE1-BFC6-A06D8CD8C513}.Win10 Debug|x64.Deploy.0 = Win10 Debug|x64
		{2874D2EA-1F79-4EE1-BFC6-A06D8CD8C513}.Win10 Release|Win32.ActiveCfg = Win10 Release|Win32
		{2874D2EA-1F79-4EE1-BFC6-A06D8CD8C513}.Win10 Release|Win32.Build.0 = Win10 Release|Win32
		{2874D2EA-1F79-4EE1-BFC6-A06D8CD8C513}.Win10 Release|Win32.Deploy.0 = Win10 Release|Win32
		{2874D2EA-1F79-4EE1-BFC6-A06D8CD8C513}.Win10 Release|x64.ActiveCfg = Win10 Release|x64
		{2874D2EA-1F79-4EE1-BFC6-A06D8CD8C513}.Win10 Release|x64.Build.0 = Win10 Release|x64
		{2874D2EA-1F79-4EE1-BFC6-A06D8CD8C513}.Win10 Release|x64.Deploy.0 = Win10 Release|x64
		{2874D2EA-1F79-4EE1-BFC6-A06D8CD8C513}.Win7 Debug|Win32.ActiveCfg = Win7 Debug|Win32
		{2874D2EA-1F79-4EE1-BFC6-A06D8CD8C513}.Win7 Debug|Win32.Build.0 = Win7 Debug|Win32
		{2874D2EA-1F79-4EE1-BFC6-A06D8CD8C513}.Win7 Debug|Win32.Deploy.0 = Win7 Debug|Win32
		{2874D2EA-1F79-4EE1-BFC6-A06D8CD8C513}.Win7 Debug|x64.ActiveCfg = Win7 Debug|x64
		{2874D2EA-1F79-4EE1-BFC6-A06D8CD8C513}.Win7 Debug|x64.Build.0 = Win7 Debug|x64
		{2874D2EA-1F79-4EE1-BFC6-A06D8CD8C513}.Win7 Debug|x64.Deploy.0 = Win7 Debug|x64
		{2874D2EA-1F79-4EE1-BFC6-A06D8CD8C513}.Win7 Release|Win32.ActiveCfg = Win7 Release|Win32
		{2874D2EA-1F79-4EE1-BFC6-A06D8CD8C513}.Win7 Release|Win32.Build.0 = Win7 Release|Win32
		{2874D2EA-1F79-4EE1-BFC6-A06D8CD8C513}.Win7 Release|Win32.Deploy.0 = Win7 Release|Win32
		{2874D2EA-1F79-4EE1-BFC6-A06D8CD8C513}.Win7 Release|x64.ActiveCfg = Win7 Release|x64
		{2874D2EA-1F79-4EE1-BFC6-A06D8CD8C513}.Win7 Release|x64.Build.0 = Win7 Release|x64
		{2874D2EA-1F79-4EE1-BFC6-A06D8CD8C513}.Win7 Release|x64.Deploy.0 = Win7 Release|x64
		{58AB31AF-3525-422F-9EDD-74668AF97AFC}.Win10 Debug|Win32.ActiveCfg = Win10 Debug|Win32
		{58AB31AF-3525-422F-9EDD-74668AF97AFC}.Win10 Debug|Win32.Build.0 = Win10 Debug|Win32
		{58AB31AF-3525-422F-9EDD-74668AF97AFC}.Win10 Debug|Win32.Deploy.0 = Win10 Debug|Win32
		{58AB31AF-3525-422F-9EDD-74668AF97AFC}.Win10 Debug|x64.ActiveCfg = Win10 Debug|x64
		{58AB31AF-3525-422F-9EDD-74668AF97AFC}.Win10 Debug|x64.Build.0 = Win10 Debug|x64
		{58AB31AF-3525-422F-9EDD-74668AF97AFC}.Win10 Debug|x64.Deploy.0 = Win10 Debug|x64
		{58AB31AF-3525-422F-9EDD-74668AF97AFC}.Win10 Release|Win32.ActiveCfg = Win10 Release|Win32
		{58AB31AF-3525-422F-9EDD-74668AF97AFC}.Win10 Release|Win32.Build.0 = Win10 Release|Win32
		{58AB31AF-3525-422F-9EDD-74668AF97AFC}.Win10 Release|Win32.Deploy.0 = Win10 Release|Win32
		{58AB31AF-3525-422F-9EDD-74668AF97AFC}.Win10 Release|x64.ActiveCfg = Win10 Release|x64
		{58AB31AF-3525-422F-9EDD-74668AF97AFC}.Win10 Release|x64.Build.0 = Win10 Release|x64
		{58AB31AF-3525-422F-9EDD-74668AF97AFC}.Win10 Release|x64.Deploy.0 = Win10 Release|x64
		{58AB31AF-3525-422F-9EDD-74668AF97AFC}.Win7 Debug|Win32.ActiveCfg = Win7 Debug|Win32
		{58AB31AF-3525-422F-9EDD-74668AF97AFC}.Win7 Debug|Win32.Build.0 = Win7 Debug|Win32
		{58AB31AF-3525-422F-9EDD-74668AF97AFC}.Win7 Debug|Win32.Deploy.0 = Win7 Debug|Win32
		{58AB31AF-3525-422F-9EDD-74668AF97AFC}.Win7 Debug|x64.ActiveCfg = Win7 Debug|x64
		{58AB31AF-3525-422F-9EDD-74668AF97AFC}.Win7 Debug|x64.Build.0 = Win7 Debug|x64
		{58AB31AF-3525-422F-9EDD-74668AF97AFC}.Win7 Debug|x64.Deploy.0 = Win7 Debug|x64
		{58AB31AF-3525-422F-9EDD-74668AF97AFC}.Win7 Release|Win32.ActiveCfg = Win7 Release|Win32
		{58AB31AF-3525-422F-9EDD-74668AF97AFC}.Win7 Release|Win32.Build.0 = Win7 Release|Win32
		{58AB31AF-3525-422F-9EDD-74668AF97AFC}.Win7 Release|Win32.Deploy.0 = Win7 Release|Win32
		{58AB31AF-3525-422F-9EDD-74668AF97AFC}.Win7 Release|x64.ActiveCfg = Win7 Release|x64
		{58AB31AF-3525-422F-9EDD-74668AF97AFC}.Win7 Release|x64.Build.0 = Win7 Release|x64
		{58AB31AF-3525-422F-9EDD-74668AF97AFC}.Win7 Release|x64.Deploy.0 = Win7 Release|x64
		{F68A0442-B273-4572-A4A5-C40A5E6E2903}.Win10 Debug|Win32.ActiveCfg = Win10 Debug|Win32
		{F68A0442-B273-4572-A4A5-C40A5E6E2903}.Win10 Debug|Win32.Build.0 = Win10 Debug|Win32
		{F68A0442-B273-4572-A4A5-C40A5E6E2903}.Win10 Debug|Win32.Deploy.0 = Win10 Debug|Win32
		{F68A0442-B273-4572-A4A5-C40A5E6E2903}.Win10 Debug|x64.ActiveCfg = Win10 Debug|x64
		{F68A0442-B273-4572-A4A5-C40A5E6E2903}.Win10 Debug|x64.Build.0 = Win10 Debug|x64
		{F68A0442-B273-4572-A4A5-C40A5E6E2903}.Win10 Debug|x64.Deploy.0 = Win10 Debug|x64
		{F68A0442-B273-4572-A4A5-C40A5E6E2903}.Win10 Release|Win32.ActiveCfg = Win10 Release|Win32
		{F68A0442-B273-4572-A4A5-C40A5E6E2903}.Win10 Release|Win32.Build.0 = Win10 Release|Win32
		{F68A0442-B273-4572-A4A5-C40A5E6E2903}.Win10 Release|Win32.Deploy.0 = Win10 Release|Win32
		{F68A0442-B273-4572-A4A5-C40A5E6E2903}.Win10 Release|x64.ActiveCfg = Win10 Release|x64
		{F68A0442-B273-4572-A4A5-C40A5E6E2903}.Win10 Release|x64.Build.0 = Win10 Release|x64
		{F68A0442-B273-4572-A4A5-C40A5E6E2903}.Win10 Release|x64.Deploy.0 = Win10 Release|x64
		{F68A0442-B273-4572-A4A5-C40A5E6E2903}.Win7 Debug|Win32.ActiveCfg = Win7 Debug|Win32
		{F68A0442-B273-4572-A4A5-C40A5E6E2903}.Win7 Debug|Win32.Build.0 = Win7 Debug|Win32
		{F68A0442-B273-4572-A4A5-C40A5E6E2903}.Win7 Debug|Win32.Deploy.0 = Win7 Debug|Win32
		{F68A0442-B273-4572-A4A5-C40A5E6E2903}.Win7 Debug|x64.ActiveCfg = Win7 Debug|x64
		{F68A0442-B273-4572-A4A5-C40A5E6E2903}.Win7 Debug|x64.Build.0 = Win7 Debug|x64
		{F68A0442-B273-4572-A4A5-C40A5E6E2903}.Win7 Debug|x64.Deploy.0 = Win7 Debug|x64
		{F68A0442-B273-4572-A4A5-C40A5E6E2903}.Win7 Release|Win32.ActiveCfg = Win7 Release|Win32
		{F68A0442-B273-4572-A4A5-C40A5E6E2903}.Win7 Release|Win32.Build.0 = Win7 Release|Win32
		{F68A0442-B273-4572-A4A5-C40A5E6E2903}.Win7 Release|Win32.Deploy.0 = Win7 Release|Win32
		{F68A0442-B273-4572-A4A5-C40A5E6E2903}.Win7 Release|x64.ActiveCfg = Win7 Release|x64
		{F68A0442-B273-4572-A4A5-C40A5E6E2903}.Win7 Release|x64.Build.0 = Win7 Release|x64
		{F68A0442-B273-4572-A4A5-C40A5E6E2903}.Win7 Release|x64.Deploy.0 = Win7 Release|x64
		{2EE9146B-FB7B-421E-B3AE-8ED8FDF45C7E}.Win10 Debug|Win32.ActiveCfg = Win10 Debug|Win32
		{2EE9146B-FB7B-421E-B3AE-8ED8FDF45C7E}.Win10 Debug|Win32.Build.0 = Win10 Debug|Win32
		{2EE9146B-FB7B-421E-B3AE-8ED8FDF45C7E}.Win10 Debug|Win32.Deploy.0 = Win10 Debug|Win32
		{2EE9146B-FB7B-421E-B3AE-8ED8FDF45C7E}.Win10 Debug|x64.ActiveCfg = Win10 Debug|x64
		{2EE9146B-FB7B-421E-B3AE-8ED8FDF45C7E}.Win10 Debug|x64.Build.0 = Win10 Debug|x64
		{2EE9146B-FB7B-421E-B3AE-8ED8FDF45C7E}.Win10 Debug|x64.Deploy.0 = Win10 Debug|x64
		{2EE9146B-FB7B-421E-B3AE-8ED8FDF45C7E}.Win10 Release|Win32.ActiveCfg = Win10 Release|Win32
		{2EE9146B-FB7B-421E-B3AE-8ED8FDF45C7E}.Win10 Release|Win32.Build.0 = Win10 Release|Win32
		{2EE9146B-FB7B-421E-B3AE-8ED8FDF45C7E}.Win10 Release|Win32.Deploy.0 = Win10 Release|Win32
		{2EE9146B-FB7B-421E-B3AE-8ED8FDF45C7E}.Win10 Release|x64.ActiveCfg = Win10 Release|x64
		{2EE9146B-FB7B-421E-B3AE-8ED8FDF45C7E}.Win10 Release|x64.Build.0 = Win10 Release|x64
		{2EE9146B-FB7B-421E-B3AE-8ED8FDF45C7E}.Win10 Release|x64.Deploy.0 = Win10 Release|x64
		{2EE9146B-FB7B-421E-B3AE-8ED8FDF45C7E}.Win7 Debug|Win32.ActiveCfg = Win7 Debug|Win32
		{2EE9146B-FB7B-421E-B3AE-8ED8FDF45C7E}.Win7 Debug|Win32.Build.0 = Win7 Debug|Win32
		{2EE9146B-FB7B-421E-B3AE-8ED8FDF45C7E}.Win7 Debug|Win32.Deploy.0 = Win7 Debug|Win32
		{2EE9146B-FB7B-421E-B3AE-8ED8FDF45C7E}.Win7 Debug|x64.ActiveCfg = Win7 Debug|x64
		{2EE9146B-FB7B-421E-B3AE-8ED8FDF45C7E}.Win7 Debug|x64.Build.0 = Win7 Debug|x64
		{2EE9146B-FB7B-421E-B3AE-8ED8FDF45C7E}.Win7 Debug|x64.Deploy.0 = Win7 Debug|x64
		{2EE9146B-FB7B-421E-B3AE-8ED8FDF45C7E}.Win7 Release|Win32.ActiveCfg = Win7 Release|Win32
		{2EE9146B-FB7B-421E-B3AE-8ED8FDF45C7E}.Win7 Release|Win32.Build.0 = Win7 Release|Win32
		{2EE9146B-FB7B-421E-B3AE-8ED8FDF45C7E}.Win7 Release|Win32.Deploy.0 = Win7 Release|Win32
		{2EE9146B-FB7B-421E-B3AE-8ED8FDF45C7E}.Win7 Release|x64.ActiveCfg = Win7 Release|x64
		{2EE9146B-FB7B-421E-B3AE-8ED8FDF45C7E}.Win7 Release|x64.Build.0 = Win7 Release|x64
		{2EE9146B-FB7B-421E-B3AE-8ED8FDF45C7E}.Win7 Release|x64.Deploy.0 = Win7 Release|x64
		{7C65A3B9-18B8-46ED-8829-637B4B56F2CD}.Win10 Debug|Win32.ActiveCfg = Win10 Debug|Win32
		{7C65A3B9-18B8-46ED-8829-637B4B56F2CD}.Win10 Debug|Win32.Build.0 = Win10 Debug|Win32
		{7C65A3B9-18B8-46ED-8829-637B4B56F2CD}.Win10 Debug|Win32.Deploy.0 = Win10 Debug|Win32
		{7C65A3B9-18B8-46ED-8829-637B4B56F2CD}.Win10 Debug|x64.ActiveCfg = Win10 Debug|x64
		{7C65A3B9-18B8-46ED-8829-637B4B56F2CD}.Win10 Debug|x64.Build.0 = Win10 Debug|x64
		{7C65A3B9-18B8-46ED-8829-637B4B56F2CD}.Win10 Debug|x64.Deploy.0 = Win10 Debug|x64
		{7C65A3B9-18B8-46ED-8829-637B4B56F2CD}.Win10 Release|Win32.ActiveCfg = Win10 Release|Win32
		{7C65A3B9-18B8-46ED-8829-637B4B56F2CD}.Win10 Release|Win32.Build.0 = Win10 Release|Win32
		{7C65A3B9-18B8-46ED-8829-637B4B56F2CD}.Win10 Release|Win32.Deploy.0 = Win10 Release|Win32
		{7C65A3B9-18B8-46ED-8829-637B4B56F2CD}.Win10 Release|x64.ActiveCfg = Win10 Release|x64
		{7C65A3B9-18B8-46ED-8829-637B4B56F2CD}.Win10 Release|x64.Build.0 = Win10 Release|x64
		{7C65A3B9-18B8-46ED-8829-637B4B56F2CD}.Win10 Release|x64.Deploy.0 = Win10 Release|x64
		{7C65A3B9-18B8-46ED-8829-637B4B56F2CD}.Win7 Debug|Win32.ActiveCfg = Win7 Debug|Win32
		{7C65A3B9-18B8-46ED-8829-637B4B56F2CD}.Win7 Debug|Win32.Build.0 = Win7 Debug|Win32
		{7C65A3B9-18B8-46ED-8829-637B4B56F2CD}.Win7 Debug|Win32.Deploy.0 = Win7 Debug|Win32
		{7C65A3B9-18B8-46ED-8829-637B4B56F2CD}.Win7 Debug|x64.ActiveCfg = Win7 Debug|x64
		{7C65A3B9-18B8-46ED-8829-637B4B56F2CD}.Win7 Debug|x64.Build.0 = Win7 Debug|x64
		{7C65A3B9-18B8-46ED-8829-637B4B56F2CD}.Win7 Debug|x64.Deploy.0 = Win7 Debug|x64
		{7C65A3B9-18B8-46ED-8829-637B4B56F2CD}.Win7 Release|Win32.ActiveCfg = Win7 Release|Win32
		{7C65A3B9-18B8-46ED-8829-637B4B56F2CD}.Win7 Release|Win32.Build.0 = Win7 Release|Win32
		{7C65A3B9-18B8-46ED-8829-637B4B56F2CD}.Win7 Release|Win32.Deploy.0 = Win7 Release|Win32
		{7C65A3B9-18B8-46ED-8829-637B4B56F2CD}.Win7 Release|x64.ActiveCfg = Win7 Release|x64
		{7C65A3B9-18B8-46ED-8829-637B4B56F2CD}.Win7 Release|x64.Build.0 = Win7 Release|x64
		{7C65A3B9-18B8-46ED-8829-637B4B56F2CD}.Win7 Release|x64.Deploy.0 = Win7 Release|x64
		{423974D9-A2A0-4BC7-B2E7-07922A191D08}.Win10 Debug|Win32.ActiveCfg = Win10 Debug|Win32
		{423974D9-A2A0-4BC7-B2E7-07922A191D08}.Win10 Debug|Win32.Build.0 = Win10 Debug|Win32
		{423974D9-A2A0-4BC7-B2E7-07922A191D08}.Win10 Debug|Win32.Deploy.0 = Win10 Debug|Win32
		{423974D9-A2A0-4BC7-B2E7-07922A191D08}.Win10 Debug|x64.ActiveCfg = Win10 Debug|x64
		{423974D9-A2A0-4BC7-B2E7-07922A191D08}.Win10 Debug|x64.Build.0 = Win10 Debug|x64
		{423974D9-A2A0-4BC7-B2E7-07922A191D08}.Win10 Debug|x64.Deploy.0 = Win10 Debug|x64
		{423974D9-A2A0-4BC7-B2E7-07922A191D08}.Win10 Release|Win32.ActiveCfg = Win10 Release|Win32
		{423974D9-A2A0-4BC7-B2E7-07922A191D08}.Win10 Release|Win32.Build.0 = Win10 Release|Win32
		{423974D9-A2A0-4BC7-B2E7-07922A191D08}.Win10 Release|Win32.Deploy.0 = Win10 Release|Win32
		{423974D9-A2A0-4BC7-B2E7-07922A191D08}.Win10 Release|x64.ActiveCfg = Win10 Release|x64
		{423974D9-A2A0-4BC7-B2E7-07922A191D08}.Win10 Release|x64.Build.0 = Win10 Release|x64
		{423974D9-A2A0-4BC7-B2E7-07922A191D08}.Win10 Release|x64.Deploy.0 = Win10 Release|x64
		{423974D9-A2A0-4BC7-B2E7-07922A191D08}.Win7 Debug|Win32.ActiveCfg = Win7 Debug|Win32
		{423974D9-A2A0-4BC7-B2E7-07922A191D08}.Win7 Debug|Win32.Build.0 = Win7 Debug|Win32
		{423974D9-A2A0-4BC7-B2E7-07922A191D08}.Win7 Debug|Win32.Deploy.0 = Win7 Debug|Win32
		{423974D9-A2A0-4BC7-B2E7-07922A191D08}.Win7 Debug|x64.ActiveCfg = Win7 Debug|x64
		{423974D9-A2A0-4BC7-B2E7-07922A191D08}.Win7 Debug|x64.Build.0 = Win7 Debug|x64
		{423974D9-A2A0-4BC7-B2E7-07922A191D08}.Win7 Debug|x64.Deploy.0 = Win7 Debug|x64
		{423974D9-A2A0-4BC7-B2E7-07922A191D08}.Win7 Release|Win32.ActiveCfg = Win7 Release|Win32
		{423974D9-A2A0-4BC7-B2E7-07922A191D08}.Win7 Release|Win32.Build.0 = Win7 Release|Win32
		{423974D9-A2A0-4BC7-B2E7-07922A191D08}.Win7 Release|Win32.Deploy.0 = Win7 Release|Win32
		{423974D9-A2A0-4BC7-B2E7-07922A191D08}.Win7 Release|x64.ActiveCfg = Win7 Release|x64
		{423974D9-A2A0-4BC7-B2E7-07922A191D08}.Win7 Release|x64.Build.0 = Win7 Release|x64
		{423974D9-A2A0-4BC7-B2E7-07922A191D08}.Win7 Release|x64.Deploy.0 = Win7 Release|x64
		{8639701C-F055-4E8E-84FF-AE35370E2773}.Win10 Debug|Win32.ActiveCfg = Win10 Debug|Win32
		{8639701C-F055-4E8E-84FF-AE35370E2773}.Win10 Debug|Win32.Build.0 = Win10 Debug|Win32
		{8639701C-F055-4E8E-84FF-AE35370E2773}.Win10 Debug|Win32.Deploy.0 = Win10 Debug|Win32
		{8639701C-F055-4E8E-84FF-AE35370E2773}.Win10 Debug|x64.ActiveCfg = Win10 Debug|x64
		{8639701C-F055-4E8E-84FF-AE35370E2773}.Win10 Debug|x64.Build.0 = Win10 Debug|x64
		{8639701C-F055-4E8E-84FF-AE35370E2773}.Win10 Debug|x64.Deploy.0 = Win10 Debug|x64
		{8639701C-F055-4E8E-84FF-AE35370E2773}.Win10 Release|Win32.ActiveCfg = Win10 Release|Win32
		{8639701C-F055-4E8E-84FF-AE35370E2773}.Win10 Release|Win32.Build.0 = Win10 Release|Win32
		{8639701C-F055-4E8E-84FF-AE35370E2773}.Win10 Release|Win32.Deploy.0 = Win10 Release|Win32
		{8639701C-F055-4E8E-84FF-AE35370E2773}.Win10 Release|x64.ActiveCfg = Win10 Release|x64
		{8639701C-F055-4E8E-84FF-AE35370E2773}.Win10 Release|x64.Build.0 = Win10 Release|x64
		{8639701C-F055-4E8E-84FF-AE35370E2773}.Win10 Release|x64.Deploy.0 = Win10 Release|x64
		{8639701C-F055-4E8E-84FF-AE35370E2773}.Win7 Debug|Win32.ActiveCfg = Win7 Debug|Win32
		{8639701C-F055-4E8E-84FF-AE35370E2773}.Win7 Debug|Win32.Build.0 = Win7 Debug|Win32
		{8639701C-F055-4E8E-84FF-AE35370E2773}.Win7 Debug|Win32.Deploy.0 = Win7 Debug|Win32
		{8639701C-F055-4E8E-84FF-AE35370E2773}.Win7 Debug|x64.ActiveCfg = Win7 Debug|x64
		{8639701C-F055-4E8E-84FF-AE35370E2773}.Win7 Debug|x64.Build.0 = Win7 Debug|x64
		{8639701C-F055-4E8E-84FF-AE35370E2773}.Win7 Debug|x64.Deploy.0 = Win7 Debug|x64
		{8639701C-F055-4E8E-84FF-AE35370E2773}.Win7 Release|Win32.ActiveCfg = Win7 Release|Win32
		{8639701C-F055-4E8E-84FF-AE35370E2773}.Win7 Release|Win32.Build.0 = Win7 Release|Win32
		{8639701C-F055-4E8E-84FF-AE35370E2773}.Win7 Release|Win32.Deploy.0 = Win7 Release|Win32
		{8639701C-F055-4E8E-84FF-AE35370E2773}.Win7 Release|x64.ActiveCfg = Win7 Release|x64
		{8639701C-F055-4E8E-84FF-AE35370E2773}.Win7 Release|x64.Build.0 = Win7 Release|x64
		{8639701C-F055-4E8E-84FF-AE35370E2773}.Win7 Release|x64.Deploy.0 = Win7 Release|x64
		{CBF34E6B-F485-4F6A-829F-66709B55F722}.Win10 Debug|Win32.ActiveCfg = Win10 Debug|Win32
		{CBF34E6B-F485-4F6A-829F-66709B55F722}.Win10 Debug|Win32.Build.0 = Win10 Debug|Win32
		{CBF34E6B-F485-4F6A-829F-66709B55F722}.Win10 Debug|Win32.Deploy.0 = Win10 Debug|Win32
		{CBF34E6B-F485-4F6A-829F-66709B55F722}.Win10 Debug|x64.ActiveCfg = Win10 Debug|x64
		{CBF34E6B-F485-4F6A-829F-66709B55F722}.Win10 Debug|x64.Build.0 = Win10 Debug|x64
		{CBF34E6B-F485-4F6A-829F-66709B55F722}.Win10 Debug|x64.Deploy.0 = Win10 Debug|x64
		{CBF34E6B-F485-4F6A-829F-66709B55F722}.Win10 Release|Win32.ActiveCfg = Win10 Release|Win32
		{CBF34E6B-F485-4F6A-829F-66709B55F722}.Win10 Release|Win32.Build.0 = Win10 Release|Win32
		{CBF34E6B-F485-4F6A-829F-66709B55F722}.Win10 Release|Win32.Deploy.0 = Win10 Release|Win32
		{CBF34E6B-F485-4F6A-829F-66709B55F722}.Win10 Release|x64.ActiveCfg = Win10 Release|x64
		{CBF34E6B-F485-4F6A-829F-66709B55F722}.Win10 Release|x64.Build.0 = Win10 Release|x64
		{CBF34E6B-F485-4F6A-829F-66709B55F722}.Win10 Release|x64.Deploy.0 = Win10 Release|x64
		{CBF34E6B-F485-4F6A-829F-66709B55F722}.Win7 Debug|Win32.ActiveCfg = Win7 Debug|Win32
		{CBF34E6B-F485-4F6A-829F-66709B55F722}.Win7 Debug|Win32.Build.0 = Win7 Debug|Win32
		{CBF34E6B-F485-4F6A-829F-66709B55F722}.Win7 Debug|Win32.Deploy.0 = Win7 Debug|Win32
		{CBF34E6B-F485-4F6A-829F-66709B55F722}.Win7 Debug|x64.ActiveCfg = Win7 Debug|x64
		{CBF34E6B-F485-4F6A-829F-66709B55F722}.Win7 Debug|x64.Build.0 = Win7 Debug|x64
		{CBF34E6B-F485-4F6A-829F-66709B55F722}.Win7 Debug|x64.Deploy.0 = Win7 Debug|x64
		{CBF34E6B-F485-4F6A-829F-66709B55F722}.Win7 Release|Win32.ActiveCfg = Win7 Release|Win32
		{CBF34E6B-F485-4F6A-829F-66709B55F722}.Win7 Release|Win32.Build.0 = Win7 Release|Win32
		{CBF34E6B-F485-4F6A-829F-66709B55F722}.Win7 Release|Win32.Deploy.0 = Win7 Release|Win32
		{CBF34E6B-F485-4F6A-829F-66709B55F722}.Win7 Release|x64.ActiveCfg = Win7 Release|x64
		{CBF34E6B-F485-4F6A-829F-66709B55F722}.Win7 Release|x64.Build.0 = Win7 Release|x64
		{CBF34E6B-F485-4F6A-829F-66709B55F722}.Win7 Release|x64.Deploy.0 = Win7 Release|x64
		{BACFB3E4-6D65-4333-966C-C1B349FA8491}.Win10 Debug|Win32.ActiveCfg = Win10 Debug|Win32
		{BACFB3E4-6D65-4333-966C-C1B349FA8491}.Win10 Debug|Win32.Build.0 = Win10 Debug|Win32
		{BACFB3E4-6D65-4333-966C-C1B349FA8491}.Win10 Debug|Win32.Deploy.0 = Win10 Debug|Win32
		{BACFB3E4-6D65-4333-966C-C1B349FA8491}.Win10 Debug|x64.ActiveCfg = Win10 Debug|x64
		{BACFB3E4-6D65-4333-966C-C1B349FA8491}.Win10 Debug|x64.Build.0 = Win10 Debug|x64
		{BACFB3E4-6D65-4333-966C-C1B349FA8491}.Win10 Debug|x64.Deploy.0 = Win10 Debug|x64
		{BACFB3E4-6D65-4333-966C-C1B349FA8491}.Win10 Release|Win32.ActiveCfg = Win10 Release|Win32
		{BACFB3E4-6D65-4333-966C-C1B349FA8491}.Win10 Release|Win32.Build.0 = Win10 Release|Win32
		{BACFB3E4-6D65-4333-966C-C1B349FA8491}.Win10 Release|Win32.Deploy.0 = Win10 Release|Win32
		{BACFB3E4-6D65-4333-966C-C1B349FA8491}.Win10 Release|x64.ActiveCfg = Win10 Release|x64
		{BACFB3E4-6D65-4333-966C-C1B349FA8491}.Win10 Release|x64.Build.0 = Win10 Release|x64
		{BACFB3E4-6D65-4333-966C-C1B349FA8491}.Win10 Release|x64.Deploy.0 = Win10 Release|x64
		{BACFB3E4-6D65-4333-966C-C1B349FA8491}.Win7 Debug|Win32.ActiveCfg = Win7 Debug|Win32
		{BACFB3E4-6D65-4333-966C-C1B349FA8491}.Win7 Debug|Win32.Build.0 = Win7 Debug|Win32
		{BACFB3E4-6D65-4333-966C-C1B349FA8491}.Win7 Debug|Win32.Deploy.0 = Win7 Debug|Win32
		{BACFB3E4-6D65-4333-966C-C1B349FA8491}.Win7 Debug|x64.ActiveCfg = Win7 Debug|x64
		{BACFB3E4-6D65-4333-966C-C1B349FA8491}.Win7 Debug|x64.Build.0 = Win7 Debug|x64
		{BACFB3E4-6D65-4333-966C-C1B349FA8491}.Win7 Debug|x64.Deploy.0 = Win7 Debug|x64
		{BACFB3E4-6D65-4333-966C-C1B349FA8491}.Win7 Release|Win32.ActiveCfg = Win7 Release|Win32
		{BACFB3E4-6D65-4333-966C-C1B349FA8491}.Win7 Release|Win32.Build.0 = Win7 Release|Win32
		{BACFB3E4-6D65-4333-966C-C1B349FA8491}.Win7 Release|Win32.Deploy.0 = Win7 Release|Win32
		{BACFB3E4-6D65-4333-966C-C1B349FA8491}.Win7 Release|x64.ActiveCfg = Win7 Release|x64
		{BACFB3E4-6D65-4333-966C-C1B349FA8491}.Win7 Release|x64.Build.0 = Win7 Release|x64
		{BACFB3E4-6D65-4333-966C-C1B349FA8491}.Win7 Release|x64.Deploy.0 = Win7 Release|x64
		{CECCB007-511C-4631-B16D-2ACABA94FA20}.Win10 Debug|Win32.ActiveCfg = Win10 Debug|Win32
		{CECCB007-511C-4631-B16D-2ACABA94FA20}.Win10 Debug|Win32.Build.0 = Win10 Debug|Win32
		{CECCB007-511C-4631-B16D-2ACABA94FA20}.Win10 Debug|Win32.Deploy.0 = Win10 Debug|Win32
		{CECCB007-511C-4631-B16D-2ACABA94FA20}.Win10 Debug|x64.ActiveCfg = Win10 Debug|x64
		{CECCB007-511C-4631-B16D-2ACABA94FA20}.Win10 Debug|x64.Build.0 = Win10 Debug|x64
		{CECCB007-511C-4631-B16D-2ACABA94FA20}.Win10 Debug|x64.Deploy.0 = Win10 Debug|x64
		{CECCB007-511C-4631-B16D-2ACABA94FA20}.Win10 Release|Win32.ActiveCfg = Win10 Release|Win32
		{CECCB007-511C-4631-B16D-2ACABA94FA20}.Win10 Release|Win32.Build.0 = Win10 Release|Win32
		{CECCB007-511C-4631-B16D-2ACABA94FA20}.Win10 Release|Win32.Deploy.0 = Win10 Release|Win32
		{CECCB007-511C-4631-B16D-2ACABA94FA20}.Win10 Release|x64.ActiveCfg = Win10 Release|x64
		{CECCB007-511C-4631-B16D-2ACABA94FA20}.Win10 Release|x64.Build.0 = Win10 Release|x64
		{CECCB007-511C-4631-B16D-2ACABA94FA20}.Win10 Release|x64.Deploy.0 = Win10 Release|x64
		{CECCB007-511C-4631-B16D-2ACABA94FA20}.Win7 Debug|Win32.ActiveCfg = Win7 Debug|Win32
		{CECCB007-511C-4631-B16D-2ACABA94FA20}.Win7 Debug|Win32.Build.0 = Win7 Debug|Win32
		{CECCB007-511C-4631-B16D-2ACABA94FA20}.Win7 Debug|Win32.Deploy.0 = Win7 Debug|Win32
		{CECCB007-511C-4631-B16D-2ACABA94FA20}.Win7 Debug|x64.ActiveCfg = Win7 Debug|x64
		{CECCB007-511C-4631-B16D-2ACABA94FA20}.Win7 Debug|x64.Build.0 = Win7 Debug|x64
		{CECCB007-511C-4631-B16D-2ACABA94FA20}.Win7 Debug|x64.Deploy.0 = Win7 Debug|x64
		{CECCB007-511C-4631-B16D-2ACABA94FA20}.Win7 Release|Win32.ActiveCfg = Win7 Release|Win32
		{CECCB007-511C-4631-B16D-2ACABA94FA20}.Win7 Release|Win32.Build.0 = Win7 Release|Win32
		{CECCB007-511C-4631-B16D-2ACABA94FA20}.Win7 Release|Win32.Deploy.0 = Win7 Release|Win32
		{CECCB007-511C-4631-B16D-2ACABA94FA20}.Win7 Release|x64.ActiveCfg = Win7 Release|x64
		{CECCB007-511C-4631-B16D-2ACABA94FA20}.Win7 Release|x64.Build.0 = Win7 Release|x64
		{CECCB007-511C-4631-B16D-2ACABA94FA20}.Win7 Release|x64.Deploy.0 = Win7 Release|x64
		{790AC2F8-30C2-46EA-AABE-8EAEE6F032A2}.Win10 Debug|Win32.ActiveCfg = Win10 Debug|Win32
		{790AC2F8-30C2-46EA-AABE-8EAEE6F032A2}.Win10 Debug|Win32.Build.0 = Win10 Debug|Win32
		{790AC2F8-30C2-46EA-AABE-8EAEE6F032A2}.Win10 Debug|Win32.Deploy.0 = Win10 Debug|Win32
		{790AC2F8-30C2-46EA-AABE-8EAEE6F032A2}.Win10 Debug|x64.ActiveCfg = Win10 Debug|x64
		{790AC2F8-30C2-46EA-AABE-8EAEE6F032A2}.Win10 Debug|x64.Build.0 = Win10 Debug|x64
		{790AC2F8-30C2-46EA-AABE-8EAEE6F032A2}.Win10 Debug|x64.Deploy.0 = Win10 Debug|x64
		{790AC2F8-30C2-46EA-AABE-8EAEE6F032A2}.Win10 Release|Win32.ActiveCfg = Win10 Release|Win32
		{790AC2F8-30C2-46EA-AABE-8EAEE6F032A2}.Win10 Release|Win32.Build.0 = Win10 Release|Win32
		{790AC2F8-30C2-46EA-AABE-8EAEE6F032A2}.Win10 Release|Win32.Deploy.0 = Win10 Release|Win32
		{790AC2F8-30C2-46EA-AABE-8EAEE6F032A2}.Win10 Release|x64.ActiveCfg = Win10 Release|x64
		{790AC2F8-30C2-46EA-AABE-8EAEE6F032A2}.Win10 Release|x64.Build.0 = Win10 Release|x64
		{790AC2F8-30C2-46EA-AABE-8EAEE6F032A2}.Win10 Release|x64.Deploy.0 = Win10 Release|x64
		{790AC2F8-30C2-46EA-AABE-8EAEE6F032A2}.Win7 Debug|Win32.ActiveCfg = Win7 Debug|Win32
		{790AC2F8-30C2-46EA-AABE-8EAEE6F032A2}.Win7 Debug|Win32.Build.0 = Win7 Debug|Win32
		{790AC2F8-30C2-46EA-AABE-8EAEE6F032A2}.Win7 Debug|Win32.Deploy.0 = Win7 Debug|Win32
		{790AC2F8-30C2-46EA-AABE-8EAEE6F032A2}.Win7 Debug|x64.ActiveCfg = Win7 Debug|x64
		{790AC2F8-30C2-46EA-AABE-8EAEE6F032A2}.Win7 Debug|x64.Build.0 = Win7 Debug|x64
		{790AC2F8-30C2-46EA-AABE-8EAEE6F032A2}.Win7 Debug|x64.Deploy.0 = Win7 Debug|x64
		{790AC2F8-30C2-46EA-AABE-8EAEE6F032A2}.Win7 Release|Win32.ActiveCfg = Win7 Release|Win32
		{790AC2F8-30C2-46EA-AABE-8EAEE6F032A2}.Win7 Release|Win32.Build.0 = Win7 Release|Win32
		{790AC2F8-30C2-46EA-AABE-8EAEE6F032A2}.Win7 Release|Win32.Deploy.0 = Win7 Release|Win32
		{790AC2F8-30C2-46EA-AABE-8EAEE6F032A2}.Win7 Release|x64.ActiveCfg = Win7 Release|x64
		{790AC2F8-30C2-46EA-AABE-8EAEE6F032A2}.Win7 Release|x64.Build.0 = Win7 Release|x64
		{790AC2F8-30C2-46EA-AABE-8EAEE6F032A2}.Win7 Release|x64.Deploy.0 = Win7 Release|x64
		{58D289DD-A75A-4181-9CD9-2AF2B3906B4D}.Win10 Debug|Win32.ActiveCfg = Win10 Debug|Win32
		{58D289DD-A75A-4181-9CD9-2AF2B3906B4D}.Win10 Debug|Win32.Build.0 = Win10 Debug|Win32
		{58D289DD-A75A-4181-9CD9-2AF2B3906B4D}.Win10 Debug|Win32.Deploy.0 = Win10 Debug|Win32
		{58D289DD-A75A-4181-9CD9-2AF2B3906B4D}.Win10 Debug|x64.ActiveCfg = Win10 Debug|x64
		{58D289DD-A75A-4181-9CD9-2AF2B3906B4D}.Win10 Debug|x64.Build.0 = Win10 Debug|x64
		{58D289DD-A75A-4181-9CD9-2AF2B3906B4D}.Win10 Debug|x64.Deploy.0 = Win10 Debug|x64
		{58D289DD-A75A-4181-9CD9-2AF2B3906B4D}.Win10 Release|Win32.ActiveCfg = Win10 Release|Win32
		{58D289DD-A75A-4181-9CD9-2AF2B3906B4D}.Win10 Release|Win32.Build.0 = Win10 Release|Win32
		{58D289DD-A75A-4181-9CD9-2AF2B3906B4D}.Win10 Release|Win32.Deploy.0 = Win10 Release|Win32
		{58D289DD-A75A-4181-9CD9-2AF2B3906B4D}.Win10 Release|x64.ActiveCfg = Win10 Release|x64
		{58D289DD-A75A-4181-9CD9-2AF2B3906B4D}.Win10 Release|x64.Build.0 = Win10 Release|x64
		{58D289DD-A75A-4181-9CD9-2AF2B3906B4D}.Win10 Release|x64.Deploy.0 = Win10 Release|x64
		{58D289DD-A75A-4181-9CD9-2AF2B3906B4D}.Win7 Debug|Win32.ActiveCfg = Win7 Debug|Win32
		{58D289DD-A75A-4181-9CD9-2AF2B3906B4D}.Win7 Debug|Win32.Build.0 = Win7 Debug|Win32
		{58D289DD-A75A-4181-9CD9-2AF2B3906B4D}.Win7 Debug|Win32.Deploy.0 = Win7 Debug|Win32
		{58D289DD-A75A-4181-9CD9-2AF2B3906B4D}.Win7 Debug|x64.ActiveCfg = Win7 Debug|x64
		{58D289DD-A75A-4181-9CD9-2AF2B3906B4D}.Win7 Debug|x64.Build.0 = Win7 Debug|x64
		{58D289DD-A75A-4181-9CD9-2AF2B3906B4D}.Win7 Debug|x64.Deploy.0 = Win7 Debug|x64
		{58D289DD-A75A-4181-9CD9-2AF2B3906B4D}.Win7 Release|Win32.ActiveCfg = Win7 Release|Win32
		{58D289DD-A75A-4181-9CD9-2AF2B3906B4D}.Win7 Release|Win32.Build.0 = Win7 Release|Win32
		{58D289DD-A75A-4181-9CD9-2AF2B3906B4D}.Win7 Release|Win32.Deploy.0 = Win7 Release|Win32
		{58D289DD-A75A-4181-9CD9-2AF2B3906B4D}.Win7 Release|x64.ActiveCfg = Win7 Release|x64
		{58D289DD-A75A-4181-9CD9-2AF2B3906B4D}.Win7 Release|x64.Build.0 = Win7 Release|x64
		{58D289DD-A75A-4181-9CD9-2AF2B3906B4D}.Win7 Release|x64.Deploy.0 = Win7 Release|x64
		{2E991847-9D9B-40FD-ADF8-74B7A1138D14}.Win10 Debug|Win32.ActiveCfg = Win10 Debug|Win32
		{2E991847-9D9B-40FD-ADF8-74B7A1138D14}.Win10 Debug|Win32.Build.0 = Win10 Debug|Win32
		{2E991847-9D9B-40FD-ADF8-74B7A1138D14}.Win10 Debug|Win32.Deploy.0 = Win10 Debug|Win32
		{2E991847-9D9B-40FD-ADF8-74B7A1138D14}.Win10 Debug|x64.ActiveCfg = Win10 Debug|x64
		{2E991847-9D9B-40FD-ADF8-74B7A1138D14}.Win10 Debug|x64.Build.0 = Win10 Debug|x64
		{2E991847-9D9B-40FD-ADF8-74B7A1138D14}.Win10 Debug|x64.Deploy.0 = Win10 Debug|x64
		{2E991847-9D9B-40FD-ADF8-74B7A1138D14}.Win10 Release|Win32.ActiveCfg = Win10 Release|Win32
		{2E991847-9D9B-40FD-ADF8-74B7A1138D14}.Win10 Release|Win32.Build.0 = Win10 Release|Win32
		{2E991847-9D9B-40FD-ADF8-74B7A1138D14}.Win10 Release|Win32.Deploy.0 = Win10 Release|Win32
		{2E991847-9D9B-40FD-ADF8-74B7A1138D14}.Win10 Release|x64.ActiveCfg = Win10 Release|x64
		{2E991847-9D9B-40FD-ADF8-74B7A1138D14}.Win10 Release|x64.Build.0 = Win10 Release|x64
		{2E991847-9D9B-40FD-ADF8-74B7A1138D14}.Win10 Release|x64.Deploy.0 = Win10 Release|x64
		{2E991847-9D9B-40FD-ADF8-74B7A1138D14}.Win7 Debug|Win32.ActiveCfg = Win7 Debug|Win32
		{2E991847-9D9B-40FD-ADF8-74B7A1138D14}.Win7 Debug|Win32.Build.0 = Win7 Debug|Win32
		{2E991847-9D9B-40FD-ADF8-74B7A1138D14}.Win7 Debug|Win32.Deploy.0 = Win7 Debug|Win32
		{2E991847-9D9B-40FD-ADF8-74B7A1138D14}.Win7 Debug|x64.ActiveCfg = Win7 Debug|x64
		{2E991847-9D9B-40FD-ADF8-74B7A1138D14}.Win7 Debug|x64.Build.0 = Win7 Debug|x64
		{2E991847-9D9B-40FD-ADF8-74B7A1138D14}.Win7 Debug|x64.Deploy.0 = Win7 Debug|x64
		{2E991847-9D9B-40FD-ADF8-74B7A1138D14}.Win7 Release|Win32.ActiveCfg = Win7 Release|Win32
		{2E991847-9D9B-40FD-ADF8-74B7A1138D14}.Win7 Release|Win32.Build.0 = Win7 Release|Win32
		{2E991847-9D9B-40FD-ADF8-74B7A1138D14}.Win7 Release|Win32.Deploy.0 = Win7 Release|Win32
		{2E991847-9D9B-40FD-ADF8-74B7A1138D14}.Win7 Release|x64.ActiveCfg = Win7 Release|x64
		{2E991847-9D9B-40FD-ADF8-74B7A1138D14}.Win7 Release|x64.Build.0 = Win7 Release|x64
		{2E991847-9D9B-40FD-ADF8-74B7A1138D14}.Win7 Release|x64.Deploy.0 = Win7 Release|x64
		{472B72D1-7366-4199-8EB2-B604E705DBF3}.Win10 Debug|Win32.ActiveCfg = Win10 Debug|Win32
		{472B72D1-7366-4199-8EB2-B604E705DBF3}.Win10 Debug|Win32.Build.0 = Win10 Debug|Win32
		{472B72D1-7366-4199-8EB2-B604E705DBF3}.Win10 Debug|Win32.Deploy.0 = Win10 Debug|Win32
		{472B72D1-7366-4199-8EB2-B604E705DBF3}.Win10 Debug|x64.ActiveCfg = Win10 Debug|x64
		{472B72D1-7366-4199-8EB2-B604E705DBF3}.Win10 Debug|x64.Build.0 = Win10 Debug|x64
		{472B72D1-7366-4199-8EB2-B604E705DBF3}.Win10 Debug|x64.Deploy.0 = Win10 Debug|x64
		{472B72D1-7366-4199-8EB2-B604E705DBF3}.Win10 Release|Win32.ActiveCfg = Win10 Release|Win32
		{472B72D1-7366-4199-8EB2-B604E705DBF3}.Win10 Release|Win32.Build.0 = Win10 Release|Win32
		{472B72D1-7366-4199-8EB2-B604E705DBF3}.Win10 Release|Win32.Deploy.0 = Win10 Release|Win32
		{472B72D1-7366-4199-8EB2-B604E705DBF3}.Win10 Release|x64.ActiveCfg = Win10 Release|x64
		{472B72D1-7366-4199-8EB2-B604E705DBF3}.Win10 Release|x64.Build.0 = Win10 Release|x64
		{472B72D1-7366-4199-8EB2-B604E705DBF3}.Win10 Release|x64.Deploy.0 = Win10 Release|x64
		{472B72D1-7366-4199-8EB2-B604E705DBF3}.Win7 Debug|Win32.ActiveCfg = Win7 Debug|Win32
		{472B72D1-7366-4199-8EB2-B604E705DBF3}.Win7 Debug|Win32.Build.0 = Win7 Debug|Win32
		{472B72D1-7366-4199-8EB2-B604E705DBF3}.Win7 Debug|Win32.Deploy.0 = Win7 Debug|Win32
		{472B72D1-7366-4199-8EB2-B604E705DBF3}.Win7 Debug|x64.ActiveCfg = Win7 Debug|x64
		{472B72D1-7366-4199-8EB2-B604E705DBF3}.Win7 Debug|x64.Build.0 = Win7 Debug|x64
		{472B72D1-7366-4199-8EB2-B604E705DBF3}.Win7 Debug|x64.Deploy.0 = Win7 Debug|x64
		{472B72D1-7366-4199-8EB2-B604E705DBF3}.Win7 Release|Win32.ActiveCfg = Win7 Release|Win32
		{472B72D1-7366-4199-8EB2-B604E705DBF3}.Win7 Release|Win32.Build.0 = Win7 Release|Win32
		{472B72D1-7366-4199-8EB2-B604E705DBF3}.Win7 Release|Win32.Deploy.0 = Win7 Release|Win32
		{472B72D1-7366-4199-8EB2-B604E705DBF3}.Win7 Release|x64.ActiveCfg = Win7 Release|x64
		{472B72D1-7366-4199-8EB2-B604E705DBF3}.Win7 Release|x64.Build.0 = Win7 Release|x64
		{472B72D1-7366-4199-8EB2-B604E705DBF3}.Win7 Release|x64.Deploy.0 = Win7 Release|x64
		{0BA032F7-08BD-4B8D-92B7-819470D491D2}.Win10 Debug|Win32.ActiveCfg = Win10 Debug|Win32
		{0BA032F7-08BD-4B8D-92B7-819470D491D2}.Win10 Debug|Win32.Build.0 = Win10 Debug|Win32
		{0BA032F7-08BD-4B8D-92B7-819470D491D2}.Win10 Debug|Win32.Deploy.0 = Win10 Debug|Win32
		{0BA032F7-08BD-4B8D-92B7-819470D491D2}.Win10 Debug|x64.ActiveCfg = Win10 Debug|x64
		{0BA032F7-08BD-4B8D-92B7-819470D491D2}.Win10 Debug|x64.Build.0 = Win10 Debug|x64
		{0BA032F7-08BD-4B8D-92B7-819470D491D2}.Win10 Debug|x64.Deploy.0 = Win10 Debug|x64
		{0BA032F7-08BD-4B8D-92B7-819470D491D2}.Win10 Release|Win32.ActiveCfg = Win10 Release|Win32
		{0BA032F7-08BD-4B8D-92B7-819470D491D2}.Win10 Release|Win32.Build.0 = Win10 Release|Win32
		{0BA032F7-08BD-4B8D-92B7-819470D491D2}.Win10 Release|Win32.Deploy.0 = Win10 Release|Win32
		{0BA032F7-08BD-4B8D-92B7-819470D491D2}.Win10 Release|x64.ActiveCfg = Win10 Release|x64
		{0BA032F7-08BD-4B8D-92B7-819470D491D2}.Win10 Release|x64.Build.0 = Win10 Release|x64
		{0BA032F7-08BD-4B8D-92B7-819470D491D2}.Win10 Release|x64.Deploy.0 = Win10 Release|x64
		{0BA032F7-08BD-4B8D-92B7-819470D491D2}.Win7 Debug|Win32.ActiveCfg = Win7 Debug|Win32
		{0BA032F7-08BD-4B8D-92B7-819470D491D2}.Win7 Debug|Win32.Build.0 = Win7 Debug|Win32
		{0BA032F7-08BD-4B8D-92B7-819470D491D2}.Win7 Debug|Win32.Deploy.0 = Win7 Debug|Win32
		{0BA032F7-08BD-4B8D-92B7-819470D491D2}.Win7 Debug|x64.ActiveCfg = Win7 Debug|x64
		{0BA032F7-08BD-4B8D-92B7-819470D491D2}.Win7 Debug|x64.Build.0 = Win7 Debug|x64
		{0BA032F7-08BD-4B8D-92B7-819470D491D2}.Win7 Debug|x64.Deploy.0 = Win7 Debug|x64
		{0BA032F7-08BD-4B8D-92B7-819470D491D2}.Win7 Release|Win32.ActiveCfg = Win7 Release|Win32
		{0BA032F7-08BD-4B8D-92B7-819470D491D2}.Win7 Release|Win32.Build.0 = Win7 Release|Win32
		{0BA032F7-08BD-4B8D-92B7-819470D491D2}.Win7 Release|Win32.Deploy.0 = Win7 Release|Win32
		{0BA032F7-08BD-4B8D-92B7-819470D491D2}.Win7 Release|x64.ActiveCfg = Win7 Release|x64
		{0BA032F7-08BD-4B8D-92B7-819470D491D2}.Win7 Release|x64.Build.0 = Win7 Release|x64
		{0BA032F7-08BD-4B8D-92B7-819470D491D2}.Win7 Release|x64.Deploy.0 = Win7 Release|x64
		{DAB7781B-8CD5-49A3-8C60-BF31463215D0}.Win10 Debug|Win32.ActiveCfg = Win10 Debug|Win32
		{DAB7781B-8CD5-49A3-8C60-BF31463215D0}.Win10 Debug|Win32.Build.0 = Win10 Debug|Win32
		{DAB7781B-8CD5-49A3-8C60-BF31463215D0}.Win10 Debug|Win32.Deploy.0 = Win10 Debug|Win32
		{DAB7781B-8CD5-49A3-8C60-BF31463215D0}.Win10 Debug|x64.ActiveCfg = Win10 Debug|x64
		{DAB7781B-8CD5-49A3-8C60-BF31463215D0}.Win10 Debug|x64.Build.0 = Win10 Debug|x64
		{DAB7781B-8CD5-49A3-8C60-BF31463215D0}.Win10 Debug|x64.Deploy.0 = Win10 Debug|x64
		{DAB7781B-8CD5-49A3-8C60-BF31463215D0}.Win10 Release|Win32.ActiveCfg = Win10 Release|Win32
		{DAB7781B-8CD5-49A3-8C60-BF31463215D0}.Win10 Release|Win32.Build.0 = Win10 Release|Win32
		{DAB7781B-8CD5-49A3-8C60-BF31463215D0}.Win10 Release|Win32.Deploy.0 = Win10 Release|Win32
		{DAB7781B-8CD5-49A3-8C60-BF31463215D0}.Win10 Release|x64.ActiveCfg = Win10 Release|x64
		{DAB7781B-8CD5-49A3-8C60-BF31463215D0}.Win10 Release|x64.Build.0 = Win10 Release|x64
		{DAB7781B-8CD5-49A3-8C60-BF31463215D0}.Win10 Release|x64.Deploy.0 = Win10 Release|x64
		{DAB7781B-8CD5-49A3-8C60-BF31463215D0}.Win7 Debug|Win32.ActiveCfg = Win7 Debug|Win32
		{DAB7781B-8CD5-49A3-8C60-BF31463215D0}.Win7 Debug|Win32.Build.0 = Win7 Debug|Win32
		{DAB7781B-8CD5-49A3-8C60-BF31463215D0}.Win7 Debug|Win32.Deploy.0 = Win7 Debug|Win32
		{DAB7781B-8CD5-49A3-8C60-BF31463215D0}.Win7 Debug|x64.ActiveCfg = Win7 Debug|x64
		{DAB7781B-8CD5-49A3-8C60-BF31463215D0}.Win7 Debug|x64.Build.0 = Win7 Debug|x64
		{DAB7781B-8CD5-49A3-8C60-BF31463215D0}.Win7 Debug|x64.Deploy.0 = Win7 Debug|x64
		{DAB7781B-8CD5-49A3-8C60-BF31463215D0}.Win7 Release|Win32.ActiveCfg = Win7 Release|Win32
		{DAB7781B-8CD5-49A3-8C60-BF31463215D0}.Win7 Release|Win32.Build.0 = Win7 Release|Win32
		{DAB7781B-8CD5-49A3-8C60-BF31463215D0}.Win7 Release|Win32.Deploy.0 = Win7 Release|Win32
		{DAB7781B-8CD5-49A3-8C60-BF31463215D0}.Win7 Release|x64.ActiveCfg = Win7 Release|x64
		{DAB7781B-8CD5-49A3-8C60-BF31463215D0}.Win7 Release|x64.Build.0 = Win7 Release|x64
		{DAB7781B-8CD5-49A3-8C60-BF31463215D0}.Win7 Release|x64.Deploy.0 = Win7 Release|x64
		{FAB55A7E-98C4-4BAF-959B-62333A3DF6A6}.Win10 Debug|Win32.ActiveCfg = Win10 Debug|Win32
		{FAB55A7E-98C4-4BAF-959B-62333A3DF6A6}.Win10 Debug|Win32.Build.0 = Win10 Debug|Win32
		{FAB55A7E-98C4-4BAF-959B-62333A3DF6A6}.Win10 Debug|Win32.Deploy.0 = Win10 Debug|Win32
		{FAB55A7E-98C4-4BAF-959B-62333A3DF6A6}.Win10 Debug|x64.ActiveCfg = Win10 Debug|x64
		{FAB55A7E-98C4-4BAF-959B-62333A3DF6A6}.Win10 Debug|x64.Build.0 = Win10 Debug|x64
		{FAB55A7E-98C4-4BAF-959B-62333A3DF6A6}.Win10 Debug|x64.Deploy.0 = Win10 Debug|x64
		{FAB55A7E-98C4-4BAF-959B-62333A3DF6A6}.Win10 Release|Win32.ActiveCfg = Win10 Release|Win32
		{FAB55A7E-98C4-4BAF-959B-62333A3DF6A6}.Win10 Release|Win32.Build.0 = Win10 Release|Win32
		{FAB55A7E-98C4-4BAF-959B-62333A3DF6A6}.Win10 Release|Win32.Deploy.0 = Win10 Release|Win32
		{FAB55A7E-98C4-4BAF-959B-62333A3DF6A6}.Win10 Release|x64.ActiveCfg = Win10 Release|x64
		{FAB55A7E-98C4-4BAF-959B-62333A3DF6A6}.Win10 Release|x64.Build.0 = Win10 Release|x64
		{FAB55A7E-98C4-4BAF-959B-62333A3DF6A6}.Win10 Release|x64.Deploy.0 = Win10 Release|x64
		{FAB55A7E-98C4-4BAF-959B-62333A3DF6A6}.Win7 Debug|Win32.ActiveCfg = Win7 Debug|Win32
		{FAB55A7E-98C4-4BAF-959B-62333A3DF6A6}.Win7 Debug|Win32.Build.0 = Win7 Debug|Win32
		{FAB55A7E-98C4-4BAF-959B-62333A3DF6A6}.Win7 Debug|Win32.Deploy.0 = Win7 Debug|Win32
		{FAB55A7E-98C4-4BAF-959B-62333A3DF6A6}.Win7 Debug|x64.ActiveCfg = Win7 Debug|x64
		{FAB55A7E-98C4-4BAF-959B-62333A3DF6A6}.Win7 Debug|x64.Build.0 = Win7 Debug|x64
		{FAB55A7E-98C4-4BAF-959B-62333A3DF6A6}.Win7 Debug|x64.Deploy.0 = Win7 Debug|x64
		{FAB55A7E-98C4-4BAF-959B-62333A3DF6A6}.Win7 Release|Win32.ActiveCfg = Win7 Release|Win32
		{FAB55A7E-98C4-4BAF-959B-62333A3DF6A6}.Win7 Release|Win32.Build.0 = Win7 Release|Win32
		{FAB55A7E-98C4-4BAF-959B-62333A3DF6A6}.Win7 Release|Win32.Deploy.0 = Win7 Release|Win32
		{FAB55A7E-98C4-4BAF-959B-62333A3DF6A6}.Win7 Release|x64.ActiveCfg = Win7 Release|x64
		{FAB55A7E-98C4-4BAF-959B-62333A3DF6A6}.Win7 Release|x64.Build.0 = Win7 Release|x64
		{FAB55A7E-98C4-4BAF-959B-62333A3DF6A6}.Win7 Release|x64.Deploy.0 = Win7 Release|x64
		{B2765C99-AC58-4640-BE41-5708CB063F70}.Win10 Debug|Win32.ActiveCfg = Win10 Debug|Win32
		{B2765C99-AC58-4640-BE41-5708CB063F70}.Win10 Debug|Win32.Build.0 = Win10 Debug|Win32
		{B2765C99-AC58-4640-BE41-5708CB063F70}.Win10 Debug|Win32.Deploy.0 = Win10 Debug|Win32
		{B2765C99-AC58-4640-BE41-5708CB063F70}.Win10 Debug|x64.ActiveCfg = Win10 Debug|x64
		{B2765C99-AC58-4640-BE41-5708CB063F70}.Win10 Debug|x64.Build.0 = Win10 Debug|x64
		{B2765C99-AC58-4640-BE41-5708CB063F70}.Win10 Debug|x64.Deploy.0 = Win10 Debug|x64
		{B2765C99-AC58-4640-BE41-5708CB063F70}.Win10 Release|Win32.ActiveCfg = Win10 Release|Win32
		{B2765C99-AC58-4640-BE41-5708CB063F70}.Win10 Release|Win32.Build.0 = Win10 Release|Win32
		{B2765C99-AC58-4640-BE41-5708CB063F70}.Win10 Release|Win32.Deploy.0 = Win10 Release|Win32
		{B2765C99-AC58-4640-BE41-5708CB063F70}.Win10 Release|x64.ActiveCfg = Win10 Release|x64
		{B2765C99-AC58-4640-BE41-5708CB063F70}.Win10 Release|x64.Build.0 = Win10 Release|x64
		{B2765C99-AC58-4640-BE41-5708CB063F70}.Win10 Release|x64.Deploy.0 = Win10 Release|x64
		{B2765C99-AC58-4640-BE41-5708CB063F70}.Win7 Debug|Win32.ActiveCfg = Win7 Debug|Win32
		{B2765C99-AC58-4640-BE41-5708CB063F70}.Win7 Debug|Win32.Build.0 = Win7 Debug|Win32
		{B2765C99-AC58-4640-BE41-5708CB063F70}.Win7 Debug|Win32.Deploy.0 = Win7 Debug|Win32
		{B2765C99-AC58-4640-BE41-5708CB063F70}.Win7 Debug|x64.ActiveCfg = Win7 Debug|x64
		{B2765C99-AC58-4640-BE41-5708CB063F70}.Win7 Debug|x64.Build.0 = Win7 Debug|x64
		{B2765C99-AC58-4640-BE41-5708CB063F70}.Win7 Debug|x64.Deploy.0 = Win7 Debug|x64
		{B2765C99-AC58-4640-BE41-5708CB063F70}.Win7 Release|Win32.ActiveCfg = Win7 Release|Win32
		{B2765C99-AC58-4640-BE41-5708CB063F70}.Win7 Release|Win32.Build.0 = Win7 Release|Win32
		{B2765C99-AC58-4640-BE41-5708CB063F70}.Win7 Release|Win32.Deploy.0 = Win7 Release|Win32
		{B2765C99-AC58-4640-BE41-5708CB063F70}.Win7 Release|x64.ActiveCfg = Win7 Release|x64
		{B2765C99-AC58-4640-BE41-5708CB063F70}.Win7 Release|x64.Build.0 = Win7 Release|x64
		{B2765C99-AC58-4640-BE41-5708CB063F70}.Win7 Release|x64.Deploy.0 = Win7 Release|x64
		{50557CF4-4127-46F8-A055-8BB0D3E80DF3}.Win10 Debug|Win32.ActiveCfg = Win10 Debug|Win32
		{50557CF4-4127-46F8-A055-8BB0D3E80DF3}.Win10 Debug|Win32.Build.0 = Win10 Debug|Win32
		{50557CF4-4127-46F8-A055-8BB0D3E80DF3}.Win10 Debug|Win32.Deploy.0 = Win10 Debug|Win32
		{50557CF4-4127-46F8-A055-8BB0D3E80DF3}.Win10 Debug|x64.ActiveCfg = Win10 Debug|x64
		{50557CF4-4127-46F8-A055-8BB0D3E80DF3}.Win10 Debug|x64.Build.0 = Win10 Debug|x64
		{50557CF4-4127-46F8-A055-8BB0D3E80DF3}.Win10 Debug|x64.Deploy.0 = Win10 Debug|x64
		{50557CF4-4127-46F8-A055-8BB0D3E80DF3}.Win10 Release|Win32.ActiveCfg = Win10 Release|Win32
		{50557CF4-4127-46F8-A055-8BB0D3E80DF3}.Win10 Release|Win32.Build.0 = Win10 Release|Win32
		{50557CF4-4127-46F8-A055-8BB0D3E80DF3}.Win10 Release|Win32.Deploy.0 = Win10 Release|Win32
		{50557CF4-4127-46F8-A055-8BB0D3E80DF3}.Win10 Release|x64.ActiveCfg = Win10 Release|x64
		{50557CF4-4127-46F8-A055-8BB0D3E80DF3}.Win10 Release|x64.Build.0 = Win10 Release|x64
		{50557CF4-4127-46F8-A055-8BB0D3E80DF3}.Win10 Release|x64.Deploy.0 = Win10 Release|x64
		{50557CF4-4127-46F8-A055-8BB0D3E80DF3}.Win7 Debug|Win32.ActiveCfg = Win7 Debug|Win32
		{50557CF4-4127-46F8-A055-8BB0D3E80DF3}.Win7 Debug|Win32.Build.0 = Win7 Debug|Win32
		{50557CF4-4127-46F8-A055-8BB0D3E80DF3}.Win7 Debug|Win32.Deploy.0 = Win7 Debug|Win32
		{50557CF4-4127-46F8-A055-8BB0D3E80DF3}.Win7 Debug|x64.ActiveCfg = Win7 Debug|x64
		{50557CF4-4127-46F8-A055-8BB0D3E80DF3}.Win7 Debug|x64.Build.0 = Win7 Debug|x64
		{50557CF4-4127-46F8-A055-8BB0D3E80DF3}.Win7 Debug|x64.Deploy.0 = Win7 Debug|x64
		{50557CF4-4127-46F8-A055-8BB0D3E80DF3}.Win7 Release|Win32.ActiveCfg = Win7 Release|Win32
		{50557CF4-4127-46F8-A055-8BB0D3E80DF3}.Win7 Release|Win32.Build.0 = Win7 Release|Win32
		{50557CF4-4127-46F8-A055-8BB0D3E80DF3}.Win7 Release|Win32.Deploy.0 = Win7 Release|Win32
		{50557CF4-4127-46F8-A055-8BB0D3E80DF3}.Win7 Release|x64.ActiveCfg = Win7 Release|x64
		{50557CF4-4127-46F8-A055-8BB0D3E80DF3}.Win7 Release|x64.Build.0 = Win7 Release|x64
		{50557CF4-4127-46F8-A055-8BB0D3E80DF3}.Win7 Release|x64.Deploy.0 = Win7 Release|x64
		{D626E87D-DE75-4193-BB33-A991FFB6730D}.Win10 Debug|Win32.ActiveCfg = Win10 Debug|Win32
		{D626E87D-DE75-4193-BB33-A991FFB6730D}.Win10 Debug|Win32.Build.0 = Win10 Debug|Win32
		{D626E87D-DE75-4193-BB33-A991FFB6730D}.Win10 Debug|Win32.Deploy.0 = Win10 Debug|Win32
		{D626E87D-DE75-4193-BB33-A991FFB6730D}.Win10 Debug|x64.ActiveCfg = Win10 Debug|x64
		{D626E87D-DE75-4193-BB33-A991FFB6730D}.Win10 Debug|x64.Build.0 = Win10 Debug|x64
		{D626E87D-DE75-4193-BB33-A991FFB6730D}.Win10 Debug|x64.Deploy.0 = Win10 Debug|x64
		{D626E87D-DE75-4193-BB33-A991FFB6730D}.Win10 Release|Win32.ActiveCfg = Win10 Release|Win32
		{D626E87D-DE75-4193-BB33-A991FFB6730D}.Win10 Release|Win32.Build.0 = Win10 Release|Win32
		{D626E87D-DE75-4193-BB33-A991FFB6730D}.Win10 Release|Win32.Deploy.0 = Win10 Release|Win32
		{D626E87D-DE75-4193-BB33-A991FFB6730D}.Win10 Release|x64.ActiveCfg = Win10 Release|x64
		{D626E87D-DE75-4193-BB33-A991FFB6730D}.Win10 Release|x64.Build.0 = Win10 Release|x64
		{D626E87D-DE75-4193-BB33-A991FFB6730D}.Win10 Release|x64.Deploy.0 = Win10 Release|x64
		{D626E87D-DE75-4193-BB33-A991FFB6730D}.Win7 Debug|Win32.ActiveCfg = Win7 Debug|Win32
		{D626E87D-DE75-4193-BB33-A991FFB6730D}.Win7 Debug|Win32.Build.0 = Win7 Debug|Win32
		{D626E87D-DE75-4193-BB33-A991FFB6730D}.Win7 Debug|Win32.Deploy.0 = Win7 Debug|Win32
		{D626E87D-DE75-4193-BB33-A991FFB6730D}.Win7 Debug|x64.ActiveCfg = Win7 Debug|x64
		{D626E87D-DE75-4193-BB33-A991FFB6730D}.Win7 Debug|x64.Build.0 = Win7 Debug|x64
		{D626E87D-DE75-4193-BB33-A991FFB6730D}.Win7 Debug|x64.Deploy.0 = Win7 Debug|x64
		{D626E87D-DE75-4193-BB33-A991FFB6730D}.Win7 Release|Win32.ActiveCfg = Win7 Release|Win32
		{D626E87D-DE75-4193-BB33-A991FFB6730D}.Win7 Release|Win32.Build.0 = Win7 Release|Win32
		{D626E87D-DE75-4193-BB33-A991FFB6730D}.Win7 Release|Win32.Deploy.0 = Win7 Release|Win32
		{D626E87D-DE75-4193-BB33-A991FFB6730D}.Win7 Release|x64.ActiveCfg = Win7 Release|x64
		{D626E87D-DE75-4193-BB33-A991FFB6730D}.Win7 Release|x64.Build.0 = Win7 Release|x64
		{D626E87D-DE75-4193-BB33-A991FFB6730D}.Win7 Release|x64.Deploy.0 = Win7 Release|x64
		{2061DE01-A5F8-C1B9-082B-170D0DE0D914}.Win10 Debug|Win32.ActiveCfg = Win10 Debug|Win32
		{2061DE01-A5F8-C1B9-082B-170D0DE0D914}.Win10 Debug|Win32.Build.0 = Win10 Debug|Win32
		{2061DE01-A5F8-C1B9-082B-170D0DE0D914}.Win10 Debug|Win32.Deploy.0 = Win10 Debug|Win32
		{2061DE01-A5F8-C1B9-082B-170D0DE0D914}.Win10 Debug|x64.ActiveCfg = Win10 Debug|x64
		{2061DE01-A5F8-C1B9-082B-170D0DE0D914}.Win10 Debug|x64.Build.0 = Win10 Debug|x64
		{2061DE01-A5F8-C1B9-082B-170D0DE0D914}.Win10 Debug|x64.Deploy.0 = Win10 Debug|x64
		{2061DE01-A5F8-C1B9-082B-170D0DE0D914}.Win10 Release|Win32.ActiveCfg = Win10 Release|Win32
		{2061DE01-A5F8-C1B9-082B-170D0DE0D914}.Win10 Release|Win32.Build.0 = Win10 Release|Win32
		{2061DE01-A5F8-C1B9-082B-170D0DE0D914}.Win10 Release|Win32.Deploy.0 = Win10 Release|Win32
		{2061DE01-A5F8-C1B9-082B-170D0DE0D914}.Win10 Release|x64.ActiveCfg = Win10 Release|x64
		{2061DE01-A5F8-C1B9-082B-170D0DE0D914}.Win10 Release|x64.Build.0 = Win10 Release|x64
		{2061DE01-A5F8-C1B9-082B-170D0DE0D914}.Win10 Release|x64.Deploy.0 = Win10 Release|x64
		{2061DE01-A5F8-C1B9-082B-170D0DE0D914}.Win7 Debug|Win32.ActiveCfg = Win7 Debug|Win32
		{2061DE01-A5F8-C1B9-082B-170D0DE0D914}.Win7 Debug|Win32.Build.0 = Win7 Debug|Win32
		{2061DE01-A5F8-C1B9-082B-170D0DE0D914}.Win7 Debug|Win32.Deploy.0 = Win7 Debug|Win32
		{2061DE01-A5F8-C1B9-082B-170D0DE0D914}.Win7 Debug|x64.ActiveCfg = Win7 Debug|x64
		{2061DE01-A5F8-C1B9-082B-170D0DE0D914}.Win7 Debug|x64.Build.0 = Win7 Debug|x64
		{2061DE01-A5F8-C1B9-082B-170D0DE0D914}.Win7 Debug|x64.Deploy.0 = Win7 Debug|x64
		{2061DE01-A5F8-C1B9-082B-170D0DE0D914}.Win7 Release|Win32.ActiveCfg = Win7 Release|Win32
		{2061DE01-A5F8-C1B9-082B-170D0DE0D914}.Win7 Release|Win32.Build.0 = Win7 Release|Win32
		{2061DE01-A5F8-C1B9-082B-170D0DE0D914}.Win7 Release|Win32.Deploy.0 = Win7 Release|Win32
		{2061DE01-A5F8-C1B9-082B-170D0DE0D914}.Win7 Release|x64.ActiveCfg = Win7 Release|x64
		{2061DE01-A5F8-C1B9-082B-170D0DE0D914}.Win7 Release|x64.Build.0 = Win7 Release|x64
		{2061DE01-A5F8-C1B9-082B-170D0DE0D914}.Win7 Release|x64.Deploy.0 = Win7 Release|x64
	EndGlobalSection
	GlobalSection(SolutionProperties) = preSolution
		HideSolutionNode = FALSE
	EndGlobalSection
	GlobalSection(ExtensibilityGlobals) = postSolution
		SolutionGuid = {B00C8D7C-4AA6-4C59-A42C-483ABF3CA4E3}
	EndGlobalSection
EndGlobal
