<?xml version="1.0" encoding="utf-8"?>
<Project ToolsVersion="4.0" xmlns="http://schemas.microsoft.com/developer/msbuild/2003">
  <ItemGroup>
    <Filter Include="Source Files">
      <Extensions>cpp;c;cc;cxx;def;odl;idl;hpj;bat;asm;asmx;*</Extensions>
      <UniqueIdentifier>{155FF60C-AD1B-4EF5-8AA1-C3F4944F8E8E}</UniqueIdentifier>
      <!-- Isaiah :: renew OK -->
    </Filter>
    <Filter Include="Header Files">
      <Extensions>h;hpp;hxx;hm;inl;inc;xsd</Extensions>
      <UniqueIdentifier>{74169C9E-780E-4253-A079-86A5994F7ED6}</UniqueIdentifier>
      <!-- Isaiah :: renew OK -->
    </Filter>
  </ItemGroup>
  <ItemGroup>
    <!-- Add Source files -->
    <ClCompile Include="hal_init.c">
      <Filter>Source Files</Filter>
    </ClCompile>
    <ClCompile Include="hal_rx.c">
      <Filter>Source Files</Filter>
    </ClCompile>
    <ClCompile Include="hal_tx.c">
      <Filter>Source Files</Filter>
    </ClCompile>
    <ClCompile Include="hal_mac_wrapper.c">
      <Filter>Source Files</Filter>
    </ClCompile>
  </ItemGroup>
</Project>