<?xml version="1.0" encoding="utf-8"?>
<Project ToolsVersion="4.0" xmlns="http://schemas.microsoft.com/developer/msbuild/2003">
  <ItemGroup>
    <Filter Include="Source Files">
      <Extensions>cpp;c;cc;cxx;def;odl;idl;hpj;bat;asm;asmx;*</Extensions>
    </Filter>
    <Filter Include="Header Files">
      <Extensions>h;hpp;hxx;hm;inl;inc;xsd</Extensions>
    </Filter>
  </ItemGroup>
  <ItemGroup>
    <!-- Add Source files -->
    <ClCompile Include="hal_trx_8852ae.c">
      <Filter>Source Files</Filter>
    </ClCompile>
    <ClCompile Include="rtl8852ae_halinit.c">
      <Filter>Source Files</Filter>
    </ClCompile>
    <ClCompile Include="rtl8852ae_halmac.c">
      <Filter>Source Files</Filter>
    </ClCompile>
    <ClCompile Include="rtl8852ae_io.c">
      <Filter>Source Files</Filter>
    </ClCompile>
    <ClCompile Include="rtl8852ae_led.c">
      <Filter>Source Files</Filter>
    </ClCompile>
    <ClCompile Include="rtl8852ae_ops.c">
      <Filter>Source Files</Filter>
    </ClCompile>
    <ClCompile Include="rtl8852ae_recv.c">
      <Filter>Source Files</Filter>
    </ClCompile>
    <ClCompile Include="rtl8852ae_xmit.c">
      <Filter>Source Files</Filter>
    </ClCompile>
  </ItemGroup>
</Project>