<?xml version="1.0" encoding="utf-8"?>
<Project ToolsVersion="4.0" xmlns="http://schemas.microsoft.com/developer/msbuild/2003">
  <ItemGroup>
    <Filter Include="Source Files">
      <Extensions>cpp;c;cc;cxx;def;odl;idl;hpj;bat;asm;asmx;*</Extensions>
    </Filter>
    <Filter Include="Header Files">
      <Extensions>h;hpp;hxx;hm;inl;inc;xsd</Extensions>
    </Filter>
  </ItemGroup>
  <ItemGroup>
    <!-- Add Source files -->
    <ClCompile Include="mac_ax.c">
      <Filter>Source Files</Filter>
    </ClCompile>
    <ClCompile Include="mac\mac_ax\_pcie.c">
      <Filter>Source Files</Filter>
    </ClCompile>
    <ClCompile Include="mac\mac_ax\_sdio.c">
      <Filter>Source Files</Filter>
    </ClCompile>
    <ClCompile Include="mac\mac_ax\_usb.c">
      <Filter>Source Files</Filter>
    </ClCompile>
    <ClCompile Include="mac\mac_ax\addr_cam.c">
      <Filter>Source Files</Filter>
    </ClCompile>
    <ClCompile Include="mac\mac_ax\dbgpkg.c">
      <Filter>Source Files</Filter>
    </ClCompile>
    <ClCompile Include="mac\mac_ax\efuse.c">
      <Filter>Source Files</Filter>
    </ClCompile>
    <ClCompile Include="mac\mac_ax\fwcmd.c">
      <Filter>Source Files</Filter>
    </ClCompile>
    <ClCompile Include="mac\mac_ax\fwdl.c">
      <Filter>Source Files</Filter>
    </ClCompile>
    <ClCompile Include="mac\mac_ax\hw.c">
      <Filter>Source Files</Filter>
    </ClCompile>
    <ClCompile Include="mac\mac_ax\init.c">
      <Filter>Source Files</Filter>
    </ClCompile>
    <ClCompile Include="mac\mac_ax\pwr.c">
      <Filter>Source Files</Filter>
    </ClCompile>
    <ClCompile Include="mac\mac_ax\role.c">
      <Filter>Source Files</Filter>
    </ClCompile>
    <ClCompile Include="mac\mac_ax\rx_forwarding.c">
      <Filter>Source Files</Filter>
    </ClCompile>
    <ClCompile Include="mac\mac_ax\security_cam.c">
      <Filter>Source Files</Filter>
    </ClCompile>
    <ClCompile Include="mac\mac_ax\status.c">
      <Filter>Source Files</Filter>
    </ClCompile>
    <ClCompile Include="mac\mac_ax\tblupd.c">
      <Filter>Source Files</Filter>
    </ClCompile>
    <ClCompile Include="mac\mac_ax\trx_desc.c">
      <Filter>Source Files</Filter>
    </ClCompile>
    <ClCompile Include="mac\mac_ax\trxcfg.c">
      <Filter>Source Files</Filter>
    </ClCompile>
    <ClCompile Include="mac\mac_ax\coex.c">
      <Filter>Source Files</Filter>
    </ClCompile>
  </ItemGroup>
</Project>